// !$*UTF8*$!
{
	archiveVersion = 1;
	classes = {
	};
	objectVersion = 56;
	objects = {

/* Begin PBXBuildFile section */
		3903A33B2A5F2D0700245DD2 /* AppDelegate.swift in Sources */ = {isa = PBXBuildFile; fileRef = 3903A33A2A5F2D0700245DD2 /* AppDelegate.swift */; };
		3903A33D2A5F2D0700245DD2 /* SceneDelegate.swift in Sources */ = {isa = PBXBuildFile; fileRef = 3903A33C2A5F2D0700245DD2 /* SceneDelegate.swift */; };
		3903A33F2A5F2D0700245DD2 /* ViewController.swift in Sources */ = {isa = PBXBuildFile; fileRef = 3903A33E2A5F2D0700245DD2 /* ViewController.swift */; };
		3903A3422A5F2D0700245DD2 /* Main.storyboard in Resources */ = {isa = PBXBuildFile; fileRef = 3903A3402A5F2D0700245DD2 /* Main.storyboard */; };
		3903A3452A5F2D0700245DD2 /* AstroLogic.xcdatamodeld in Sources */ = {isa = PBXBuildFile; fileRef = 3903A3432A5F2D0700245DD2 /* AstroLogic.xcdatamodeld */; };
		3903A3472A5F2D0900245DD2 /* Assets.xcassets in Resources */ = {isa = PBXBuildFile; fileRef = 3903A3462A5F2D0900245DD2 /* Assets.xcassets */; };
		3903A34A2A5F2D0900245DD2 /* LaunchScreen.storyboard in Resources */ = {isa = PBXBuildFile; fileRef = 3903A3482A5F2D0900245DD2 /* LaunchScreen.storyboard */; };
		3903A3722A5F2DF000245DD2 /* GoogleMaps in Frameworks */ = {isa = PBXBuildFile; productRef = 3903A3712A5F2DF000245DD2 /* GoogleMaps */; };
		3903A3742A5F2DF000245DD2 /* GooglePlaces in Frameworks */ = {isa = PBXBuildFile; productRef = 3903A3732A5F2DF000245DD2 /* GooglePlaces */; };
		3903A3762A5F2E8400245DD2 /* BirthChartView.swift in Sources */ = {isa = PBXBuildFile; fileRef = 3903A3752A5F2E8400245DD2 /* BirthChartView.swift */; };
		3903A3782A5F2F3200245DD2 /* AboutVC.swift in Sources */ = {isa = PBXBuildFile; fileRef = 3903A3772A5F2F3200245DD2 /* AboutVC.swift */; };
		3903A37C2A5F305100245DD2 /* GeoCode.swift in Sources */ = {isa = PBXBuildFile; fileRef = 3903A37B2A5F305100245DD2 /* GeoCode.swift */; };
		3955A6662A90963D00DE2051 /* NatalAspectsVC.swift in Sources */ = {isa = PBXBuildFile; fileRef = 3955A6652A90963D00DE2051 /* NatalAspectsVC.swift */; };
		3955A66A2A909C2E00DE2051 /* ChartTableCell.swift in Sources */ = {isa = PBXBuildFile; fileRef = 3955A6692A909C2E00DE2051 /* ChartTableCell.swift */; };
		396CDCB92A74712100EDCECC /* DecanatesVC.swift in Sources */ = {isa = PBXBuildFile; fileRef = 396CDCB82A74712100EDCECC /* DecanatesVC.swift */; };
		396CDCBB2A74716A00EDCECC /* CustomDecansTable.swift in Sources */ = {isa = PBXBuildFile; fileRef = 396CDCBA2A74716A00EDCECC /* CustomDecansTable.swift */; };
		396CDCBD2A7471A200EDCECC /* PlanetDegreeVC.swift in Sources */ = {isa = PBXBuildFile; fileRef = 396CDCBC2A7471A200EDCECC /* PlanetDegreeVC.swift */; };
		396CDCBF2A7471D400EDCECC /* PlanetDegreeCell.swift in Sources */ = {isa = PBXBuildFile; fileRef = 396CDCBE2A7471D400EDCECC /* PlanetDegreeCell.swift */; };
		39851F6C2A93017800E70FF5 /* TransitPlanetsTCVC.swift in Sources */ = {isa = PBXBuildFile; fileRef = 39851F6B2A93017800E70FF5 /* TransitPlanetsTCVC.swift */; };
		39851F6E2A93019E00E70FF5 /* TransitAspectsTCVC.swift in Sources */ = {isa = PBXBuildFile; fileRef = 39851F6D2A93019E00E70FF5 /* TransitAspectsTCVC.swift */; };
		39851F742A93020A00E70FF5 /* mpPlanetsTCVC.swift in Sources */ = {isa = PBXBuildFile; fileRef = 39851F732A93020A00E70FF5 /* mpPlanetsTCVC.swift */; };
		39851F762A93021C00E70FF5 /* ProgressedPlanetsTCVC.swift in Sources */ = {isa = PBXBuildFile; fileRef = 39851F752A93021C00E70FF5 /* ProgressedPlanetsTCVC.swift */; };
		39851F782A93022C00E70FF5 /* ProgressedAspectsTCVC.swift in Sources */ = {isa = PBXBuildFile; fileRef = 39851F772A93022C00E70FF5 /* ProgressedAspectsTCVC.swift */; };
		39851F7C2A93026900E70FF5 /* ProgressedAspectsByHouseTCVC.swift in Sources */ = {isa = PBXBuildFile; fileRef = 39851F7B2A93026900E70FF5 /* ProgressedAspectsByHouseTCVC.swift */; };
		39851F7E2A93028D00E70FF5 /* mpProgressedAspectsByHouseTCVC.swift in Sources */ = {isa = PBXBuildFile; fileRef = 39851F7D2A93028D00E70FF5 /* mpProgressedAspectsByHouseTCVC.swift */; };
		39851F802A9302A100E70FF5 /* TransitAspectsByHouseTCVC.swift in Sources */ = {isa = PBXBuildFile; fileRef = 39851F7F2A9302A100E70FF5 /* TransitAspectsByHouseTCVC.swift */; };
		39851F822A93063600E70FF5 /* mpAspectsTCVC.swift in Sources */ = {isa = PBXBuildFile; fileRef = 39851F812A93063600E70FF5 /* mpAspectsTCVC.swift */; };
		398ECC2F2A8F025900695354 /* ChartDataModel.xcdatamodeld in Sources */ = {isa = PBXBuildFile; fileRef = 398ECC2D2A8F025900695354 /* ChartDataModel.xcdatamodeld */; };
		398ECC312A8F07D300695354 /* MyCharts.swift in Sources */ = {isa = PBXBuildFile; fileRef = 398ECC302A8F07D300695354 /* MyCharts.swift */; };
		3997F0742A63707F00741E9D /* Sentence.swift in Sources */ = {isa = PBXBuildFile; fileRef = 3997F0732A63707F00741E9D /* Sentence.swift */; };
		3997F0762A637D4700741E9D /* File.swift in Sources */ = {isa = PBXBuildFile; fileRef = 3997F0752A637D4700741E9D /* File.swift */; };
		3997F0782A63C6D800741E9D /* 35.swift in Sources */ = {isa = PBXBuildFile; fileRef = 3997F0772A63C6D800741E9D /* 35.swift */; };
		3997F07A2A64303F00741E9D /* Progression Sentence.swift in Sources */ = {isa = PBXBuildFile; fileRef = 3997F0792A64303F00741E9D /* Progression Sentence.swift */; };
		3997F07C2A66FA5700741E9D /* AspectsVc.swift in Sources */ = {isa = PBXBuildFile; fileRef = 3997F07B2A66FA5700741E9D /* AspectsVc.swift */; };
		3997F07E2A68F7DF00741E9D /* AspectarianView.swift in Sources */ = {isa = PBXBuildFile; fileRef = 3997F07D2A68F7DF00741E9D /* AspectarianView.swift */; };
		39A1EC342A5F6003008D1EC1 /* StrongestPlanetVC.swift in Sources */ = {isa = PBXBuildFile; fileRef = 39A1EC332A5F6003008D1EC1 /* StrongestPlanetVC.swift */; };
		39A1EC362A5F6043008D1EC1 /* MyItemsVC.swift in Sources */ = {isa = PBXBuildFile; fileRef = 39A1EC352A5F6043008D1EC1 /* MyItemsVC.swift */; };
		39A1EC382A5F60DA008D1EC1 /* Today's VC.swift in Sources */ = {isa = PBXBuildFile; fileRef = 39A1EC372A5F60DA008D1EC1 /* Today's VC.swift */; };
		39A1EC3A2A5F61AD008D1EC1 /* ChartViewerVC.swift in Sources */ = {isa = PBXBuildFile; fileRef = 39A1EC392A5F61AD008D1EC1 /* ChartViewerVC.swift */; };
		39A1EC3D2A5F61D8008D1EC1 /* DGCharts in Frameworks */ = {isa = PBXBuildFile; productRef = 39A1EC3C2A5F61D8008D1EC1 /* DGCharts */; };
		39A1EC3F2A5F6DB6008D1EC1 /* PlanetsVC.swift in Sources */ = {isa = PBXBuildFile; fileRef = 39A1EC3E2A5F6DB6008D1EC1 /* PlanetsVC.swift */; };
		39A1EC412A5F6E91008D1EC1 /* CustomTableCell.swift in Sources */ = {isa = PBXBuildFile; fileRef = 39A1EC402A5F6E91008D1EC1 /* CustomTableCell.swift */; };
		39A1EC432A5F7080008D1EC1 /* TransitPlanetsVC.swift in Sources */ = {isa = PBXBuildFile; fileRef = 39A1EC422A5F7080008D1EC1 /* TransitPlanetsVC.swift */; };
		39A1EC452A5F70F1008D1EC1 /* MajorProgressions.swift in Sources */ = {isa = PBXBuildFile; fileRef = 39A1EC442A5F70F1008D1EC1 /* MajorProgressions.swift */; };
		39A1EC472A5F75CF008D1EC1 /* MyNatalHousesVC.swift in Sources */ = {isa = PBXBuildFile; fileRef = 39A1EC462A5F75CF008D1EC1 /* MyNatalHousesVC.swift */; };
		39A1EC4D2A5F768B008D1EC1 /* TransitAspectsVC.swift in Sources */ = {isa = PBXBuildFile; fileRef = 39A1EC4C2A5F768B008D1EC1 /* TransitAspectsVC.swift */; };
		39A1EC4F2A5F76B8008D1EC1 /* MinorsAspectsVC.swift in Sources */ = {isa = PBXBuildFile; fileRef = 39A1EC4E2A5F76B8008D1EC1 /* MinorsAspectsVC.swift */; };
		39A1EC512A5F76E8008D1EC1 /* MinorsVC.swift in Sources */ = {isa = PBXBuildFile; fileRef = 39A1EC502A5F76E8008D1EC1 /* MinorsVC.swift */; };
		39A1EC532A5F773E008D1EC1 /* MPAspectsVC.swift in Sources */ = {isa = PBXBuildFile; fileRef = 39A1EC522A5F773E008D1EC1 /* MPAspectsVC.swift */; };
		39A1EC552A5F798F008D1EC1 /* MajorsBiWheel.swift in Sources */ = {isa = PBXBuildFile; fileRef = 39A1EC542A5F798F008D1EC1 /* MajorsBiWheel.swift */; };
		39A1EC572A5F799E008D1EC1 /* MinorsBiWheel.swift in Sources */ = {isa = PBXBuildFile; fileRef = 39A1EC562A5F799E008D1EC1 /* MinorsBiWheel.swift */; };
		39A1EC592A5F79A8008D1EC1 /* TransitsBiWheel.swift in Sources */ = {isa = PBXBuildFile; fileRef = 39A1EC582A5F79A8008D1EC1 /* TransitsBiWheel.swift */; };
		39A1EC5B2A5F7A31008D1EC1 /* Custom Aspects.swift in Sources */ = {isa = PBXBuildFile; fileRef = 39A1EC5A2A5F7A31008D1EC1 /* Custom Aspects.swift */; };
		39A1EC5D2A5F7A96008D1EC1 /* NewAspects.swift in Sources */ = {isa = PBXBuildFile; fileRef = 39A1EC5C2A5F7A96008D1EC1 /* NewAspects.swift */; };
		39A1EC5F2A5FA75E008D1EC1 /* 1.swift in Sources */ = {isa = PBXBuildFile; fileRef = 39A1EC5E2A5FA75E008D1EC1 /* 1.swift */; };
		39A1EC612A603D8F008D1EC1 /* Houses Custom.swift in Sources */ = {isa = PBXBuildFile; fileRef = 39A1EC602A603D8F008D1EC1 /* Houses Custom.swift */; };
		39A1EC632A605743008D1EC1 /* signs.swift in Sources */ = {isa = PBXBuildFile; fileRef = 39A1EC622A605743008D1EC1 /* signs.swift */; };
		39A1EC652A60EBC0008D1EC1 /* \.swift in Sources */ = {isa = PBXBuildFile; fileRef = 39A1EC642A60EBC0008D1EC1 /* \.swift */; };
		39A1EC672A60F744008D1EC1 /* InfoVC.swift in Sources */ = {isa = PBXBuildFile; fileRef = 39A1EC662A60F744008D1EC1 /* InfoVC.swift */; };
		39A1EC692A60F98C008D1EC1 /* Harmony and Discord.swift in Sources */ = {isa = PBXBuildFile; fileRef = 39A1EC682A60F98C008D1EC1 /* Harmony and Discord.swift */; };
		39A1EC6B2A610480008D1EC1 /* Dignity.swift in Sources */ = {isa = PBXBuildFile; fileRef = 39A1EC6A2A610480008D1EC1 /* Dignity.swift */; };
		39A1EC6D2A611BFD008D1EC1 /* graph info.swift in Sources */ = {isa = PBXBuildFile; fileRef = 39A1EC6C2A611BFD008D1EC1 /* graph info.swift */; };
		39B108362A80C72100165E62 /* SwiftEphemeris in Frameworks */ = {isa = PBXBuildFile; productRef = 39B108352A80C72100165E62 /* SwiftEphemeris */; };
		39E113EE2A8ABE80006EA576 /* AspectByHouses.swift in Sources */ = {isa = PBXBuildFile; fileRef = 39E113ED2A8ABE80006EA576 /* AspectByHouses.swift */; };
		39E113F02A8AC18E006EA576 /* ProgressedAspectsByHouses.swift in Sources */ = {isa = PBXBuildFile; fileRef = 39E113EF2A8AC18E006EA576 /* ProgressedAspectsByHouses.swift */; };
		39E113F22A8AC1C9006EA576 /* minorProgressedAsepctsByHousesVC.swift in Sources */ = {isa = PBXBuildFile; fileRef = 39E113F12A8AC1C9006EA576 /* minorProgressedAsepctsByHousesVC.swift */; };
		39E113F42A8AC220006EA576 /* TransitAspectsByHouses.swift in Sources */ = {isa = PBXBuildFile; fileRef = 39E113F32A8AC220006EA576 /* TransitAspectsByHouses.swift */; };
/* End PBXBuildFile section */

/* Begin PBXFileReference section */
		3903A3372A5F2D0700245DD2 /* AstroLogic.app */ = {isa = PBXFileReference; explicitFileType = wrapper.application; includeInIndex = 0; path = AstroLogic.app; sourceTree = BUILT_PRODUCTS_DIR; };
		3903A33A2A5F2D0700245DD2 /* AppDelegate.swift */ = {isa = PBXFileReference; lastKnownFileType = sourcecode.swift; path = AppDelegate.swift; sourceTree = "<group>"; };
		3903A33C2A5F2D0700245DD2 /* SceneDelegate.swift */ = {isa = PBXFileReference; lastKnownFileType = sourcecode.swift; path = SceneDelegate.swift; sourceTree = "<group>"; };
		3903A33E2A5F2D0700245DD2 /* ViewController.swift */ = {isa = PBXFileReference; lastKnownFileType = sourcecode.swift; path = ViewController.swift; sourceTree = "<group>"; };
		3903A3412A5F2D0700245DD2 /* Base */ = {isa = PBXFileReference; lastKnownFileType = file.storyboard; name = Base; path = Base.lproj/Main.storyboard; sourceTree = "<group>"; };
		3903A3442A5F2D0700245DD2 /* AstroLogic.xcdatamodel */ = {isa = PBXFileReference; lastKnownFileType = wrapper.xcdatamodel; path = AstroLogic.xcdatamodel; sourceTree = "<group>"; };
		3903A3462A5F2D0900245DD2 /* Assets.xcassets */ = {isa = PBXFileReference; lastKnownFileType = folder.assetcatalog; path = Assets.xcassets; sourceTree = "<group>"; };
		3903A3492A5F2D0900245DD2 /* Base */ = {isa = PBXFileReference; lastKnownFileType = file.storyboard; name = Base; path = Base.lproj/LaunchScreen.storyboard; sourceTree = "<group>"; };
		3903A34B2A5F2D0900245DD2 /* Info.plist */ = {isa = PBXFileReference; lastKnownFileType = text.plist.xml; path = Info.plist; sourceTree = "<group>"; };
		3903A3752A5F2E8400245DD2 /* BirthChartView.swift */ = {isa = PBXFileReference; lastKnownFileType = sourcecode.swift; path = BirthChartView.swift; sourceTree = "<group>"; };
		3903A3772A5F2F3200245DD2 /* AboutVC.swift */ = {isa = PBXFileReference; lastKnownFileType = sourcecode.swift; path = AboutVC.swift; sourceTree = "<group>"; };
		3903A37B2A5F305100245DD2 /* GeoCode.swift */ = {isa = PBXFileReference; lastKnownFileType = sourcecode.swift; path = GeoCode.swift; sourceTree = "<group>"; };
		3955A6652A90963D00DE2051 /* NatalAspectsVC.swift */ = {isa = PBXFileReference; lastKnownFileType = sourcecode.swift; path = NatalAspectsVC.swift; sourceTree = "<group>"; };
		3955A6692A909C2E00DE2051 /* ChartTableCell.swift */ = {isa = PBXFileReference; lastKnownFileType = sourcecode.swift; path = ChartTableCell.swift; sourceTree = "<group>"; };
		396CDCB82A74712100EDCECC /* DecanatesVC.swift */ = {isa = PBXFileReference; lastKnownFileType = sourcecode.swift; path = DecanatesVC.swift; sourceTree = "<group>"; };
		396CDCBA2A74716A00EDCECC /* CustomDecansTable.swift */ = {isa = PBXFileReference; lastKnownFileType = sourcecode.swift; path = CustomDecansTable.swift; sourceTree = "<group>"; };
		396CDCBC2A7471A200EDCECC /* PlanetDegreeVC.swift */ = {isa = PBXFileReference; lastKnownFileType = sourcecode.swift; path = PlanetDegreeVC.swift; sourceTree = "<group>"; };
		396CDCBE2A7471D400EDCECC /* PlanetDegreeCell.swift */ = {isa = PBXFileReference; lastKnownFileType = sourcecode.swift; path = PlanetDegreeCell.swift; sourceTree = "<group>"; };
		39851F6B2A93017800E70FF5 /* TransitPlanetsTCVC.swift */ = {isa = PBXFileReference; lastKnownFileType = sourcecode.swift; path = TransitPlanetsTCVC.swift; sourceTree = "<group>"; };
		39851F6D2A93019E00E70FF5 /* TransitAspectsTCVC.swift */ = {isa = PBXFileReference; lastKnownFileType = sourcecode.swift; path = TransitAspectsTCVC.swift; sourceTree = "<group>"; };
		39851F732A93020A00E70FF5 /* mpPlanetsTCVC.swift */ = {isa = PBXFileReference; lastKnownFileType = sourcecode.swift; path = mpPlanetsTCVC.swift; sourceTree = "<group>"; };
		39851F752A93021C00E70FF5 /* ProgressedPlanetsTCVC.swift */ = {isa = PBXFileReference; lastKnownFileType = sourcecode.swift; path = ProgressedPlanetsTCVC.swift; sourceTree = "<group>"; };
		39851F772A93022C00E70FF5 /* ProgressedAspectsTCVC.swift */ = {isa = PBXFileReference; lastKnownFileType = sourcecode.swift; path = ProgressedAspectsTCVC.swift; sourceTree = "<group>"; };
		39851F7B2A93026900E70FF5 /* ProgressedAspectsByHouseTCVC.swift */ = {isa = PBXFileReference; lastKnownFileType = sourcecode.swift; path = ProgressedAspectsByHouseTCVC.swift; sourceTree = "<group>"; };
		39851F7D2A93028D00E70FF5 /* mpProgressedAspectsByHouseTCVC.swift */ = {isa = PBXFileReference; lastKnownFileType = sourcecode.swift; path = mpProgressedAspectsByHouseTCVC.swift; sourceTree = "<group>"; };
		39851F7F2A9302A100E70FF5 /* TransitAspectsByHouseTCVC.swift */ = {isa = PBXFileReference; lastKnownFileType = sourcecode.swift; path = TransitAspectsByHouseTCVC.swift; sourceTree = "<group>"; };
		39851F812A93063600E70FF5 /* mpAspectsTCVC.swift */ = {isa = PBXFileReference; lastKnownFileType = sourcecode.swift; path = mpAspectsTCVC.swift; sourceTree = "<group>"; };
		398ECC2E2A8F025900695354 /* ChartDataModel.xcdatamodel */ = {isa = PBXFileReference; lastKnownFileType = wrapper.xcdatamodel; path = ChartDataModel.xcdatamodel; sourceTree = "<group>"; };
		398ECC302A8F07D300695354 /* MyCharts.swift */ = {isa = PBXFileReference; lastKnownFileType = sourcecode.swift; path = MyCharts.swift; sourceTree = "<group>"; };
		3997F0732A63707F00741E9D /* Sentence.swift */ = {isa = PBXFileReference; lastKnownFileType = sourcecode.swift; path = Sentence.swift; sourceTree = "<group>"; };
		3997F0752A637D4700741E9D /* File.swift */ = {isa = PBXFileReference; lastKnownFileType = sourcecode.swift; path = File.swift; sourceTree = "<group>"; };
		3997F0772A63C6D800741E9D /* 35.swift */ = {isa = PBXFileReference; lastKnownFileType = sourcecode.swift; path = 35.swift; sourceTree = "<group>"; };
		3997F0792A64303F00741E9D /* Progression Sentence.swift */ = {isa = PBXFileReference; lastKnownFileType = sourcecode.swift; path = "Progression Sentence.swift"; sourceTree = "<group>"; };
		3997F07B2A66FA5700741E9D /* AspectsVc.swift */ = {isa = PBXFileReference; lastKnownFileType = sourcecode.swift; path = AspectsVc.swift; sourceTree = "<group>"; };
		3997F07D2A68F7DF00741E9D /* AspectarianView.swift */ = {isa = PBXFileReference; lastKnownFileType = sourcecode.swift; path = AspectarianView.swift; sourceTree = "<group>"; };
		39A1EC332A5F6003008D1EC1 /* StrongestPlanetVC.swift */ = {isa = PBXFileReference; lastKnownFileType = sourcecode.swift; path = StrongestPlanetVC.swift; sourceTree = "<group>"; };
		39A1EC352A5F6043008D1EC1 /* MyItemsVC.swift */ = {isa = PBXFileReference; lastKnownFileType = sourcecode.swift; path = MyItemsVC.swift; sourceTree = "<group>"; };
		39A1EC372A5F60DA008D1EC1 /* Today's VC.swift */ = {isa = PBXFileReference; lastKnownFileType = sourcecode.swift; path = "Today's VC.swift"; sourceTree = "<group>"; };
		39A1EC392A5F61AD008D1EC1 /* ChartViewerVC.swift */ = {isa = PBXFileReference; lastKnownFileType = sourcecode.swift; path = ChartViewerVC.swift; sourceTree = "<group>"; };
		39A1EC3E2A5F6DB6008D1EC1 /* PlanetsVC.swift */ = {isa = PBXFileReference; lastKnownFileType = sourcecode.swift; path = PlanetsVC.swift; sourceTree = "<group>"; };
		39A1EC402A5F6E91008D1EC1 /* CustomTableCell.swift */ = {isa = PBXFileReference; lastKnownFileType = sourcecode.swift; path = CustomTableCell.swift; sourceTree = "<group>"; };
		39A1EC422A5F7080008D1EC1 /* TransitPlanetsVC.swift */ = {isa = PBXFileReference; lastKnownFileType = sourcecode.swift; path = TransitPlanetsVC.swift; sourceTree = "<group>"; };
		39A1EC442A5F70F1008D1EC1 /* MajorProgressions.swift */ = {isa = PBXFileReference; lastKnownFileType = sourcecode.swift; path = MajorProgressions.swift; sourceTree = "<group>"; };
		39A1EC462A5F75CF008D1EC1 /* MyNatalHousesVC.swift */ = {isa = PBXFileReference; lastKnownFileType = sourcecode.swift; path = MyNatalHousesVC.swift; sourceTree = "<group>"; };
		39A1EC4C2A5F768B008D1EC1 /* TransitAspectsVC.swift */ = {isa = PBXFileReference; lastKnownFileType = sourcecode.swift; path = TransitAspectsVC.swift; sourceTree = "<group>"; };
		39A1EC4E2A5F76B8008D1EC1 /* MinorsAspectsVC.swift */ = {isa = PBXFileReference; lastKnownFileType = sourcecode.swift; path = MinorsAspectsVC.swift; sourceTree = "<group>"; };
		39A1EC502A5F76E8008D1EC1 /* MinorsVC.swift */ = {isa = PBXFileReference; lastKnownFileType = sourcecode.swift; path = MinorsVC.swift; sourceTree = "<group>"; };
		39A1EC522A5F773E008D1EC1 /* MPAspectsVC.swift */ = {isa = PBXFileReference; lastKnownFileType = sourcecode.swift; path = MPAspectsVC.swift; sourceTree = "<group>"; };
		39A1EC542A5F798F008D1EC1 /* MajorsBiWheel.swift */ = {isa = PBXFileReference; lastKnownFileType = sourcecode.swift; path = MajorsBiWheel.swift; sourceTree = "<group>"; };
		39A1EC562A5F799E008D1EC1 /* MinorsBiWheel.swift */ = {isa = PBXFileReference; lastKnownFileType = sourcecode.swift; path = MinorsBiWheel.swift; sourceTree = "<group>"; };
		39A1EC582A5F79A8008D1EC1 /* TransitsBiWheel.swift */ = {isa = PBXFileReference; lastKnownFileType = sourcecode.swift; path = TransitsBiWheel.swift; sourceTree = "<group>"; };
		39A1EC5A2A5F7A31008D1EC1 /* Custom Aspects.swift */ = {isa = PBXFileReference; lastKnownFileType = sourcecode.swift; path = "Custom Aspects.swift"; sourceTree = "<group>"; };
		39A1EC5C2A5F7A96008D1EC1 /* NewAspects.swift */ = {isa = PBXFileReference; lastKnownFileType = sourcecode.swift; path = NewAspects.swift; sourceTree = "<group>"; };
		39A1EC5E2A5FA75E008D1EC1 /* 1.swift */ = {isa = PBXFileReference; lastKnownFileType = sourcecode.swift; path = 1.swift; sourceTree = "<group>"; };
		39A1EC602A603D8F008D1EC1 /* Houses Custom.swift */ = {isa = PBXFileReference; lastKnownFileType = sourcecode.swift; path = "Houses Custom.swift"; sourceTree = "<group>"; };
		39A1EC622A605743008D1EC1 /* signs.swift */ = {isa = PBXFileReference; lastKnownFileType = sourcecode.swift; path = signs.swift; sourceTree = "<group>"; };
		39A1EC642A60EBC0008D1EC1 /* \.swift */ = {isa = PBXFileReference; lastKnownFileType = sourcecode.swift; path = "\\.swift"; sourceTree = "<group>"; };
		39A1EC662A60F744008D1EC1 /* InfoVC.swift */ = {isa = PBXFileReference; lastKnownFileType = sourcecode.swift; path = InfoVC.swift; sourceTree = "<group>"; };
		39A1EC682A60F98C008D1EC1 /* Harmony and Discord.swift */ = {isa = PBXFileReference; lastKnownFileType = sourcecode.swift; path = "Harmony and Discord.swift"; sourceTree = "<group>"; };
		39A1EC6A2A610480008D1EC1 /* Dignity.swift */ = {isa = PBXFileReference; lastKnownFileType = sourcecode.swift; path = Dignity.swift; sourceTree = "<group>"; };
		39A1EC6C2A611BFD008D1EC1 /* graph info.swift */ = {isa = PBXFileReference; lastKnownFileType = sourcecode.swift; path = "graph info.swift"; sourceTree = "<group>"; };
		39E113ED2A8ABE80006EA576 /* AspectByHouses.swift */ = {isa = PBXFileReference; lastKnownFileType = sourcecode.swift; path = AspectByHouses.swift; sourceTree = "<group>"; };
		39E113EF2A8AC18E006EA576 /* ProgressedAspectsByHouses.swift */ = {isa = PBXFileReference; lastKnownFileType = sourcecode.swift; path = ProgressedAspectsByHouses.swift; sourceTree = "<group>"; };
		39E113F12A8AC1C9006EA576 /* minorProgressedAsepctsByHousesVC.swift */ = {isa = PBXFileReference; lastKnownFileType = sourcecode.swift; path = minorProgressedAsepctsByHousesVC.swift; sourceTree = "<group>"; };
		39E113F32A8AC220006EA576 /* TransitAspectsByHouses.swift */ = {isa = PBXFileReference; lastKnownFileType = sourcecode.swift; path = TransitAspectsByHouses.swift; sourceTree = "<group>"; };
/* End PBXFileReference section */

/* Begin PBXFrameworksBuildPhase section */
		3903A3342A5F2D0700245DD2 /* Frameworks */ = {
			isa = PBXFrameworksBuildPhase;
			buildActionMask = 2147483647;
			files = (
				39A1EC3D2A5F61D8008D1EC1 /* DGCharts in Frameworks */,
				39B108362A80C72100165E62 /* SwiftEphemeris in Frameworks */,
				3903A3742A5F2DF000245DD2 /* GooglePlaces in Frameworks */,
				3903A3722A5F2DF000245DD2 /* GoogleMaps in Frameworks */,
			);
			runOnlyForDeploymentPostprocessing = 0;
		};
/* End PBXFrameworksBuildPhase section */

/* Begin PBXGroup section */
		3903A32E2A5F2D0700245DD2 = {
			isa = PBXGroup;
			children = (
				3903A3392A5F2D0700245DD2 /* AstroLogic */,
				3903A3382A5F2D0700245DD2 /* Products */,
			);
			sourceTree = "<group>";
		};
		3903A3382A5F2D0700245DD2 /* Products */ = {
			isa = PBXGroup;
			children = (
				3903A3372A5F2D0700245DD2 /* AstroLogic.app */,
			);
			name = Products;
			sourceTree = "<group>";
		};
		3903A3392A5F2D0700245DD2 /* AstroLogic */ = {
			isa = PBXGroup;
			children = (
				3903A33A2A5F2D0700245DD2 /* AppDelegate.swift */,
				3903A33C2A5F2D0700245DD2 /* SceneDelegate.swift */,
				3903A33E2A5F2D0700245DD2 /* ViewController.swift */,
				3955A6692A909C2E00DE2051 /* ChartTableCell.swift */,
				398ECC302A8F07D300695354 /* MyCharts.swift */,
				398ECC2D2A8F025900695354 /* ChartDataModel.xcdatamodeld */,
				39A1EC392A5F61AD008D1EC1 /* ChartViewerVC.swift */,
				3997F07B2A66FA5700741E9D /* AspectsVc.swift */,
				39A1EC332A5F6003008D1EC1 /* StrongestPlanetVC.swift */,
				39A1EC352A5F6043008D1EC1 /* MyItemsVC.swift */,
				396CDCBC2A7471A200EDCECC /* PlanetDegreeVC.swift */,
				396CDCBE2A7471D400EDCECC /* PlanetDegreeCell.swift */,
				396CDCB82A74712100EDCECC /* DecanatesVC.swift */,
				396CDCBA2A74716A00EDCECC /* CustomDecansTable.swift */,
				39A1EC442A5F70F1008D1EC1 /* MajorProgressions.swift */,
				39A1EC502A5F76E8008D1EC1 /* MinorsVC.swift */,
				39A1EC422A5F7080008D1EC1 /* TransitPlanetsVC.swift */,
				3955A6652A90963D00DE2051 /* NatalAspectsVC.swift */,
				39A1EC522A5F773E008D1EC1 /* MPAspectsVC.swift */,
				39A1EC4E2A5F76B8008D1EC1 /* MinorsAspectsVC.swift */,
				39A1EC4C2A5F768B008D1EC1 /* TransitAspectsVC.swift */,
				39A1EC6A2A610480008D1EC1 /* Dignity.swift */,
				39A1EC5C2A5F7A96008D1EC1 /* NewAspects.swift */,
				39851F6B2A93017800E70FF5 /* TransitPlanetsTCVC.swift */,
				39851F6D2A93019E00E70FF5 /* TransitAspectsTCVC.swift */,
				39851F732A93020A00E70FF5 /* mpPlanetsTCVC.swift */,
				39851F812A93063600E70FF5 /* mpAspectsTCVC.swift */,
				39851F752A93021C00E70FF5 /* ProgressedPlanetsTCVC.swift */,
				39851F772A93022C00E70FF5 /* ProgressedAspectsTCVC.swift */,
				39851F7B2A93026900E70FF5 /* ProgressedAspectsByHouseTCVC.swift */,
				39851F7D2A93028D00E70FF5 /* mpProgressedAspectsByHouseTCVC.swift */,
				39851F7F2A9302A100E70FF5 /* TransitAspectsByHouseTCVC.swift */,
				3997F0752A637D4700741E9D /* File.swift */,
				3997F0732A63707F00741E9D /* Sentence.swift */,
				39A1EC5A2A5F7A31008D1EC1 /* Custom Aspects.swift */,
				39A1EC3E2A5F6DB6008D1EC1 /* PlanetsVC.swift */,
				39A1EC662A60F744008D1EC1 /* InfoVC.swift */,
				39A1EC372A5F60DA008D1EC1 /* Today's VC.swift */,
				39A1EC642A60EBC0008D1EC1 /* \.swift */,
				3997F0772A63C6D800741E9D /* 35.swift */,
				3903A37B2A5F305100245DD2 /* GeoCode.swift */,
				39A1EC462A5F75CF008D1EC1 /* MyNatalHousesVC.swift */,
				39E113EF2A8AC18E006EA576 /* ProgressedAspectsByHouses.swift */,
				39E113ED2A8ABE80006EA576 /* AspectByHouses.swift */,
				39E113F12A8AC1C9006EA576 /* minorProgressedAsepctsByHousesVC.swift */,
				39E113F32A8AC220006EA576 /* TransitAspectsByHouses.swift */,
				3903A3772A5F2F3200245DD2 /* AboutVC.swift */,
				3903A3752A5F2E8400245DD2 /* BirthChartView.swift */,
				3997F07D2A68F7DF00741E9D /* AspectarianView.swift */,
				39A1EC542A5F798F008D1EC1 /* MajorsBiWheel.swift */,
				39A1EC582A5F79A8008D1EC1 /* TransitsBiWheel.swift */,
				39A1EC562A5F799E008D1EC1 /* MinorsBiWheel.swift */,
				39A1EC6C2A611BFD008D1EC1 /* graph info.swift */,
				39A1EC5E2A5FA75E008D1EC1 /* 1.swift */,
				39A1EC622A605743008D1EC1 /* signs.swift */,
				39A1EC402A5F6E91008D1EC1 /* CustomTableCell.swift */,
				39A1EC602A603D8F008D1EC1 /* Houses Custom.swift */,
				39A1EC682A60F98C008D1EC1 /* Harmony and Discord.swift */,
				3997F0792A64303F00741E9D /* Progression Sentence.swift */,
				3903A3402A5F2D0700245DD2 /* Main.storyboard */,
				3903A3462A5F2D0900245DD2 /* Assets.xcassets */,
				3903A3482A5F2D0900245DD2 /* LaunchScreen.storyboard */,
				3903A34B2A5F2D0900245DD2 /* Info.plist */,
				3903A3432A5F2D0700245DD2 /* AstroLogic.xcdatamodeld */,
			);
			path = AstroLogic;
			sourceTree = "<group>";
		};
/* End PBXGroup section */

/* Begin PBXNativeTarget section */
		3903A3362A5F2D0700245DD2 /* AstroLogic */ = {
			isa = PBXNativeTarget;
			buildConfigurationList = 3903A3642A5F2D0900245DD2 /* Build configuration list for PBXNativeTarget "AstroLogic" */;
			buildPhases = (
				3903A3332A5F2D0700245DD2 /* Sources */,
				3903A3342A5F2D0700245DD2 /* Frameworks */,
				3903A3352A5F2D0700245DD2 /* Resources */,
			);
			buildRules = (
			);
			dependencies = (
			);
			name = AstroLogic;
			packageProductDependencies = (
				3903A3712A5F2DF000245DD2 /* GoogleMaps */,
				3903A3732A5F2DF000245DD2 /* GooglePlaces */,
				39A1EC3C2A5F61D8008D1EC1 /* DGCharts */,
				39B108352A80C72100165E62 /* SwiftEphemeris */,
			);
			productName = AstroLogic;
			productReference = 3903A3372A5F2D0700245DD2 /* AstroLogic.app */;
			productType = "com.apple.product-type.application";
		};
/* End PBXNativeTarget section */

/* Begin PBXProject section */
		3903A32F2A5F2D0700245DD2 /* Project object */ = {
			isa = PBXProject;
			attributes = {
				BuildIndependentTargetsInParallel = 1;
				LastSwiftUpdateCheck = 1430;
				LastUpgradeCheck = 1430;
				TargetAttributes = {
					3903A3362A5F2D0700245DD2 = {
						CreatedOnToolsVersion = 14.3.1;
					};
				};
			};
			buildConfigurationList = 3903A3322A5F2D0700245DD2 /* Build configuration list for PBXProject "AstroLogic" */;
			compatibilityVersion = "Xcode 14.0";
			developmentRegion = en;
			hasScannedForEncodings = 0;
			knownRegions = (
				en,
				Base,
			);
			mainGroup = 3903A32E2A5F2D0700245DD2;
			packageReferences = (
				3903A3702A5F2DF000245DD2 /* XCRemoteSwiftPackageReference "GoogleMaps-SP" */,
				39A1EC3B2A5F61D8008D1EC1 /* XCRemoteSwiftPackageReference "Charts" */,
				39B108342A80C72100165E62 /* XCRemoteSwiftPackageReference "SwiftEphemeris" */,
			);
			productRefGroup = 3903A3382A5F2D0700245DD2 /* Products */;
			projectDirPath = "";
			projectRoot = "";
			targets = (
				3903A3362A5F2D0700245DD2 /* AstroLogic */,
			);
		};
/* End PBXProject section */

/* Begin PBXResourcesBuildPhase section */
		3903A3352A5F2D0700245DD2 /* Resources */ = {
			isa = PBXResourcesBuildPhase;
			buildActionMask = 2147483647;
			files = (
				3903A34A2A5F2D0900245DD2 /* LaunchScreen.storyboard in Resources */,
				3903A3472A5F2D0900245DD2 /* Assets.xcassets in Resources */,
				3903A3422A5F2D0700245DD2 /* Main.storyboard in Resources */,
			);
			runOnlyForDeploymentPostprocessing = 0;
		};
/* End PBXResourcesBuildPhase section */

/* Begin PBXSourcesBuildPhase section */
		3903A3332A5F2D0700245DD2 /* Sources */ = {
			isa = PBXSourcesBuildPhase;
			buildActionMask = 2147483647;
			files = (
				396CDCBF2A7471D400EDCECC /* PlanetDegreeCell.swift in Sources */,
				3955A6662A90963D00DE2051 /* NatalAspectsVC.swift in Sources */,
				39A1EC5D2A5F7A96008D1EC1 /* NewAspects.swift in Sources */,
				3997F07A2A64303F00741E9D /* Progression Sentence.swift in Sources */,
				39E113EE2A8ABE80006EA576 /* AspectByHouses.swift in Sources */,
				39A1EC342A5F6003008D1EC1 /* StrongestPlanetVC.swift in Sources */,
				39A1EC5B2A5F7A31008D1EC1 /* Custom Aspects.swift in Sources */,
				396CDCBD2A7471A200EDCECC /* PlanetDegreeVC.swift in Sources */,
				39A1EC3A2A5F61AD008D1EC1 /* ChartViewerVC.swift in Sources */,
				39A1EC552A5F798F008D1EC1 /* MajorsBiWheel.swift in Sources */,
				39A1EC412A5F6E91008D1EC1 /* CustomTableCell.swift in Sources */,
				39851F762A93021C00E70FF5 /* ProgressedPlanetsTCVC.swift in Sources */,
				39A1EC632A605743008D1EC1 /* signs.swift in Sources */,
				39A1EC6D2A611BFD008D1EC1 /* graph info.swift in Sources */,
				39851F6E2A93019E00E70FF5 /* TransitAspectsTCVC.swift in Sources */,
				39A1EC652A60EBC0008D1EC1 /* \.swift in Sources */,
				3997F0742A63707F00741E9D /* Sentence.swift in Sources */,
				3997F0762A637D4700741E9D /* File.swift in Sources */,
				39A1EC612A603D8F008D1EC1 /* Houses Custom.swift in Sources */,
				3903A33F2A5F2D0700245DD2 /* ViewController.swift in Sources */,
				3903A3762A5F2E8400245DD2 /* BirthChartView.swift in Sources */,
				39A1EC572A5F799E008D1EC1 /* MinorsBiWheel.swift in Sources */,
				3955A66A2A909C2E00DE2051 /* ChartTableCell.swift in Sources */,
				39A1EC6B2A610480008D1EC1 /* Dignity.swift in Sources */,
				3997F0782A63C6D800741E9D /* 35.swift in Sources */,
				398ECC2F2A8F025900695354 /* ChartDataModel.xcdatamodeld in Sources */,
				396CDCBB2A74716A00EDCECC /* CustomDecansTable.swift in Sources */,
				39851F742A93020A00E70FF5 /* mpPlanetsTCVC.swift in Sources */,
				39A1EC692A60F98C008D1EC1 /* Harmony and Discord.swift in Sources */,
				39A1EC592A5F79A8008D1EC1 /* TransitsBiWheel.swift in Sources */,
				39851F822A93063600E70FF5 /* mpAspectsTCVC.swift in Sources */,
				39851F7E2A93028D00E70FF5 /* mpProgressedAspectsByHouseTCVC.swift in Sources */,
				39A1EC672A60F744008D1EC1 /* InfoVC.swift in Sources */,
				3903A3782A5F2F3200245DD2 /* AboutVC.swift in Sources */,
				39851F802A9302A100E70FF5 /* TransitAspectsByHouseTCVC.swift in Sources */,
				39A1EC5F2A5FA75E008D1EC1 /* 1.swift in Sources */,
				39A1EC532A5F773E008D1EC1 /* MPAspectsVC.swift in Sources */,
				39E113F42A8AC220006EA576 /* TransitAspectsByHouses.swift in Sources */,
				39A1EC512A5F76E8008D1EC1 /* MinorsVC.swift in Sources */,
				39A1EC4F2A5F76B8008D1EC1 /* MinorsAspectsVC.swift in Sources */,
				39A1EC472A5F75CF008D1EC1 /* MyNatalHousesVC.swift in Sources */,
				3903A37C2A5F305100245DD2 /* GeoCode.swift in Sources */,
				3997F07C2A66FA5700741E9D /* AspectsVc.swift in Sources */,
				39E113F22A8AC1C9006EA576 /* minorProgressedAsepctsByHousesVC.swift in Sources */,
				39851F782A93022C00E70FF5 /* ProgressedAspectsTCVC.swift in Sources */,
				3903A33B2A5F2D0700245DD2 /* AppDelegate.swift in Sources */,
				3903A3452A5F2D0700245DD2 /* AstroLogic.xcdatamodeld in Sources */,
				39851F7C2A93026900E70FF5 /* ProgressedAspectsByHouseTCVC.swift in Sources */,
				39A1EC382A5F60DA008D1EC1 /* Today's VC.swift in Sources */,
				39A1EC432A5F7080008D1EC1 /* TransitPlanetsVC.swift in Sources */,
				396CDCB92A74712100EDCECC /* DecanatesVC.swift in Sources */,
				39A1EC4D2A5F768B008D1EC1 /* TransitAspectsVC.swift in Sources */,
				39851F6C2A93017800E70FF5 /* TransitPlanetsTCVC.swift in Sources */,
				39A1EC362A5F6043008D1EC1 /* MyItemsVC.swift in Sources */,
				39A1EC3F2A5F6DB6008D1EC1 /* PlanetsVC.swift in Sources */,
				39A1EC452A5F70F1008D1EC1 /* MajorProgressions.swift in Sources */,
				3997F07E2A68F7DF00741E9D /* AspectarianView.swift in Sources */,
				398ECC312A8F07D300695354 /* MyCharts.swift in Sources */,
				3903A33D2A5F2D0700245DD2 /* SceneDelegate.swift in Sources */,
				39E113F02A8AC18E006EA576 /* ProgressedAspectsByHouses.swift in Sources */,
			);
			runOnlyForDeploymentPostprocessing = 0;
		};
/* End PBXSourcesBuildPhase section */

/* Begin PBXVariantGroup section */
		3903A3402A5F2D0700245DD2 /* Main.storyboard */ = {
			isa = PBXVariantGroup;
			children = (
				3903A3412A5F2D0700245DD2 /* Base */,
			);
			name = Main.storyboard;
			sourceTree = "<group>";
		};
		3903A3482A5F2D0900245DD2 /* LaunchScreen.storyboard */ = {
			isa = PBXVariantGroup;
			children = (
				3903A3492A5F2D0900245DD2 /* Base */,
			);
			name = LaunchScreen.storyboard;
			sourceTree = "<group>";
		};
/* End PBXVariantGroup section */

/* Begin XCBuildConfiguration section */
		3903A3622A5F2D0900245DD2 /* Debug */ = {
			isa = XCBuildConfiguration;
			buildSettings = {
				ALWAYS_SEARCH_USER_PATHS = NO;
				CLANG_ANALYZER_NONNULL = YES;
				CLANG_ANALYZER_NUMBER_OBJECT_CONVERSION = YES_AGGRESSIVE;
				CLANG_CXX_LANGUAGE_STANDARD = "gnu++20";
				CLANG_ENABLE_MODULES = YES;
				CLANG_ENABLE_OBJC_ARC = YES;
				CLANG_ENABLE_OBJC_WEAK = YES;
				CLANG_WARN_BLOCK_CAPTURE_AUTORELEASING = YES;
				CLANG_WARN_BOOL_CONVERSION = YES;
				CLANG_WARN_COMMA = YES;
				CLANG_WARN_CONSTANT_CONVERSION = YES;
				CLANG_WARN_DEPRECATED_OBJC_IMPLEMENTATIONS = YES;
				CLANG_WARN_DIRECT_OBJC_ISA_USAGE = YES_ERROR;
				CLANG_WARN_DOCUMENTATION_COMMENTS = YES;
				CLANG_WARN_EMPTY_BODY = YES;
				CLANG_WARN_ENUM_CONVERSION = YES;
				CLANG_WARN_INFINITE_RECURSION = YES;
				CLANG_WARN_INT_CONVERSION = YES;
				CLANG_WARN_NON_LITERAL_NULL_CONVERSION = YES;
				CLANG_WARN_OBJC_IMPLICIT_RETAIN_SELF = YES;
				CLANG_WARN_OBJC_LITERAL_CONVERSION = YES;
				CLANG_WARN_OBJC_ROOT_CLASS = YES_ERROR;
				CLANG_WARN_QUOTED_INCLUDE_IN_FRAMEWORK_HEADER = YES;
				CLANG_WARN_RANGE_LOOP_ANALYSIS = YES;
				CLANG_WARN_STRICT_PROTOTYPES = YES;
				CLANG_WARN_SUSPICIOUS_MOVE = YES;
				CLANG_WARN_UNGUARDED_AVAILABILITY = YES_AGGRESSIVE;
				CLANG_WARN_UNREACHABLE_CODE = YES;
				CLANG_WARN__DUPLICATE_METHOD_MATCH = YES;
				COPY_PHASE_STRIP = NO;
				DEBUG_INFORMATION_FORMAT = dwarf;
				ENABLE_STRICT_OBJC_MSGSEND = YES;
				ENABLE_TESTABILITY = YES;
				GCC_C_LANGUAGE_STANDARD = gnu11;
				GCC_DYNAMIC_NO_PIC = NO;
				GCC_NO_COMMON_BLOCKS = YES;
				GCC_OPTIMIZATION_LEVEL = 0;
				GCC_PREPROCESSOR_DEFINITIONS = (
					"DEBUG=1",
					"$(inherited)",
				);
				GCC_WARN_64_TO_32_BIT_CONVERSION = YES;
				GCC_WARN_ABOUT_RETURN_TYPE = YES_ERROR;
				GCC_WARN_UNDECLARED_SELECTOR = YES;
				GCC_WARN_UNINITIALIZED_AUTOS = YES_AGGRESSIVE;
				GCC_WARN_UNUSED_FUNCTION = YES;
				GCC_WARN_UNUSED_VARIABLE = YES;
				IPHONEOS_DEPLOYMENT_TARGET = 16.4;
				MTL_ENABLE_DEBUG_INFO = INCLUDE_SOURCE;
				MTL_FAST_MATH = YES;
				ONLY_ACTIVE_ARCH = YES;
				SDKROOT = iphoneos;
				SWIFT_ACTIVE_COMPILATION_CONDITIONS = DEBUG;
				SWIFT_OPTIMIZATION_LEVEL = "-Onone";
			};
			name = Debug;
		};
		3903A3632A5F2D0900245DD2 /* Release */ = {
			isa = XCBuildConfiguration;
			buildSettings = {
				ALWAYS_SEARCH_USER_PATHS = NO;
				CLANG_ANALYZER_NONNULL = YES;
				CLANG_ANALYZER_NUMBER_OBJECT_CONVERSION = YES_AGGRESSIVE;
				CLANG_CXX_LANGUAGE_STANDARD = "gnu++20";
				CLANG_ENABLE_MODULES = YES;
				CLANG_ENABLE_OBJC_ARC = YES;
				CLANG_ENABLE_OBJC_WEAK = YES;
				CLANG_WARN_BLOCK_CAPTURE_AUTORELEASING = YES;
				CLANG_WARN_BOOL_CONVERSION = YES;
				CLANG_WARN_COMMA = YES;
				CLANG_WARN_CONSTANT_CONVERSION = YES;
				CLANG_WARN_DEPRECATED_OBJC_IMPLEMENTATIONS = YES;
				CLANG_WARN_DIRECT_OBJC_ISA_USAGE = YES_ERROR;
				CLANG_WARN_DOCUMENTATION_COMMENTS = YES;
				CLANG_WARN_EMPTY_BODY = YES;
				CLANG_WARN_ENUM_CONVERSION = YES;
				CLANG_WARN_INFINITE_RECURSION = YES;
				CLANG_WARN_INT_CONVERSION = YES;
				CLANG_WARN_NON_LITERAL_NULL_CONVERSION = YES;
				CLANG_WARN_OBJC_IMPLICIT_RETAIN_SELF = YES;
				CLANG_WARN_OBJC_LITERAL_CONVERSION = YES;
				CLANG_WARN_OBJC_ROOT_CLASS = YES_ERROR;
				CLANG_WARN_QUOTED_INCLUDE_IN_FRAMEWORK_HEADER = YES;
				CLANG_WARN_RANGE_LOOP_ANALYSIS = YES;
				CLANG_WARN_STRICT_PROTOTYPES = YES;
				CLANG_WARN_SUSPICIOUS_MOVE = YES;
				CLANG_WARN_UNGUARDED_AVAILABILITY = YES_AGGRESSIVE;
				CLANG_WARN_UNREACHABLE_CODE = YES;
				CLANG_WARN__DUPLICATE_METHOD_MATCH = YES;
				COPY_PHASE_STRIP = NO;
				DEBUG_INFORMATION_FORMAT = "dwarf-with-dsym";
				ENABLE_NS_ASSERTIONS = NO;
				ENABLE_STRICT_OBJC_MSGSEND = YES;
				GCC_C_LANGUAGE_STANDARD = gnu11;
				GCC_NO_COMMON_BLOCKS = YES;
				GCC_WARN_64_TO_32_BIT_CONVERSION = YES;
				GCC_WARN_ABOUT_RETURN_TYPE = YES_ERROR;
				GCC_WARN_UNDECLARED_SELECTOR = YES;
				GCC_WARN_UNINITIALIZED_AUTOS = YES_AGGRESSIVE;
				GCC_WARN_UNUSED_FUNCTION = YES;
				GCC_WARN_UNUSED_VARIABLE = YES;
				IPHONEOS_DEPLOYMENT_TARGET = 16.4;
				MTL_ENABLE_DEBUG_INFO = NO;
				MTL_FAST_MATH = YES;
				SDKROOT = iphoneos;
				SWIFT_COMPILATION_MODE = wholemodule;
				SWIFT_OPTIMIZATION_LEVEL = "-O";
				VALIDATE_PRODUCT = YES;
			};
			name = Release;
		};
		3903A3652A5F2D0900245DD2 /* Debug */ = {
			isa = XCBuildConfiguration;
			buildSettings = {
				ASSETCATALOG_COMPILER_APPICON_NAME = AppIcon;
				ASSETCATALOG_COMPILER_GLOBAL_ACCENT_COLOR_NAME = AccentColor;
				CODE_SIGN_STYLE = Automatic;
				CURRENT_PROJECT_VERSION = 1;
				DEVELOPMENT_TEAM = UQYCK3883D;
				GENERATE_INFOPLIST_FILE = YES;
				INFOPLIST_FILE = AstroLogic/Info.plist;
				INFOPLIST_KEY_UIApplicationSupportsIndirectInputEvents = YES;
				INFOPLIST_KEY_UILaunchStoryboardName = LaunchScreen;
				INFOPLIST_KEY_UIMainStoryboardFile = Main;
				INFOPLIST_KEY_UISupportedInterfaceOrientations_iPad = "UIInterfaceOrientationPortrait UIInterfaceOrientationPortraitUpsideDown UIInterfaceOrientationLandscapeLeft UIInterfaceOrientationLandscapeRight";
				INFOPLIST_KEY_UISupportedInterfaceOrientations_iPhone = "UIInterfaceOrientationPortrait UIInterfaceOrientationLandscapeLeft UIInterfaceOrientationLandscapeRight";
				LD_RUNPATH_SEARCH_PATHS = (
					"$(inherited)",
					"@executable_path/Frameworks",
				);
				MARKETING_VERSION = 1.0;
				PRODUCT_BUNDLE_IDENTIFIER = Errick.AstroLogic;
				PRODUCT_NAME = "$(TARGET_NAME)";
				SWIFT_EMIT_LOC_STRINGS = YES;
				SWIFT_VERSION = 5.0;
				TARGETED_DEVICE_FAMILY = "1,2";
			};
			name = Debug;
		};
		3903A3662A5F2D0900245DD2 /* Release */ = {
			isa = XCBuildConfiguration;
			buildSettings = {
				ASSETCATALOG_COMPILER_APPICON_NAME = AppIcon;
				ASSETCATALOG_COMPILER_GLOBAL_ACCENT_COLOR_NAME = AccentColor;
				CODE_SIGN_STYLE = Automatic;
				CURRENT_PROJECT_VERSION = 1;
				DEVELOPMENT_TEAM = UQYCK3883D;
				GENERATE_INFOPLIST_FILE = YES;
				INFOPLIST_FILE = AstroLogic/Info.plist;
				INFOPLIST_KEY_UIApplicationSupportsIndirectInputEvents = YES;
				INFOPLIST_KEY_UILaunchStoryboardName = LaunchScreen;
				INFOPLIST_KEY_UIMainStoryboardFile = Main;
				INFOPLIST_KEY_UISupportedInterfaceOrientations_iPad = "UIInterfaceOrientationPortrait UIInterfaceOrientationPortraitUpsideDown UIInterfaceOrientationLandscapeLeft UIInterfaceOrientationLandscapeRight";
				INFOPLIST_KEY_UISupportedInterfaceOrientations_iPhone = "UIInterfaceOrientationPortrait UIInterfaceOrientationLandscapeLeft UIInterfaceOrientationLandscapeRight";
				LD_RUNPATH_SEARCH_PATHS = (
					"$(inherited)",
					"@executable_path/Frameworks",
				);
				MARKETING_VERSION = 1.0;
				PRODUCT_BUNDLE_IDENTIFIER = Errick.AstroLogic;
				PRODUCT_NAME = "$(TARGET_NAME)";
				SWIFT_EMIT_LOC_STRINGS = YES;
				SWIFT_VERSION = 5.0;
				TARGETED_DEVICE_FAMILY = "1,2";
			};
			name = Release;
		};
/* End XCBuildConfiguration section */

/* Begin XCConfigurationList section */
		3903A3322A5F2D0700245DD2 /* Build configuration list for PBXProject "AstroLogic" */ = {
			isa = XCConfigurationList;
			buildConfigurations = (
				3903A3622A5F2D0900245DD2 /* Debug */,
				3903A3632A5F2D0900245DD2 /* Release */,
			);
			defaultConfigurationIsVisible = 0;
			defaultConfigurationName = Release;
		};
		3903A3642A5F2D0900245DD2 /* Build configuration list for PBXNativeTarget "AstroLogic" */ = {
			isa = XCConfigurationList;
			buildConfigurations = (
				3903A3652A5F2D0900245DD2 /* Debug */,
				3903A3662A5F2D0900245DD2 /* Release */,
			);
			defaultConfigurationIsVisible = 0;
			defaultConfigurationName = Release;
		};
/* End XCConfigurationList section */

/* Begin XCRemoteSwiftPackageReference section */
		3903A3702A5F2DF000245DD2 /* XCRemoteSwiftPackageReference "GoogleMaps-SP" */ = {
			isa = XCRemoteSwiftPackageReference;
			repositoryURL = "https://github.com/YAtechnologies/GoogleMaps-SP.git";
			requirement = {
				kind = upToNextMajorVersion;
				minimumVersion = 7.0.0;
			};
		};
		39A1EC3B2A5F61D8008D1EC1 /* XCRemoteSwiftPackageReference "Charts" */ = {
			isa = XCRemoteSwiftPackageReference;
			repositoryURL = "https://github.com/danielgindi/Charts.git";
			requirement = {
				kind = upToNextMajorVersion;
				minimumVersion = 5.0.0;
			};
		};
		39B108342A80C72100165E62 /* XCRemoteSwiftPackageReference "SwiftEphemeris" */ = {
			isa = XCRemoteSwiftPackageReference;
			repositoryURL = "https://github.com/heylila/SwiftEphemeris.git";
			requirement = {
				branch = "rickys-branch";
				kind = branch;
			};
		};
/* End XCRemoteSwiftPackageReference section */

/* Begin XCSwiftPackageProductDependency section */
		3903A3712A5F2DF000245DD2 /* GoogleMaps */ = {
			isa = XCSwiftPackageProductDependency;
			package = 3903A3702A5F2DF000245DD2 /* XCRemoteSwiftPackageReference "GoogleMaps-SP" */;
			productName = GoogleMaps;
		};
		3903A3732A5F2DF000245DD2 /* GooglePlaces */ = {
			isa = XCSwiftPackageProductDependency;
			package = 3903A3702A5F2DF000245DD2 /* XCRemoteSwiftPackageReference "GoogleMaps-SP" */;
			productName = GooglePlaces;
		};
		39A1EC3C2A5F61D8008D1EC1 /* DGCharts */ = {
			isa = XCSwiftPackageProductDependency;
			package = 39A1EC3B2A5F61D8008D1EC1 /* XCRemoteSwiftPackageReference "Charts" */;
			productName = DGCharts;
		};
		39B108352A80C72100165E62 /* SwiftEphemeris */ = {
			isa = XCSwiftPackageProductDependency;
			package = 39B108342A80C72100165E62 /* XCRemoteSwiftPackageReference "SwiftEphemeris" */;
			productName = SwiftEphemeris;
		};
/* End XCSwiftPackageProductDependency section */

/* Begin XCVersionGroup section */
		3903A3432A5F2D0700245DD2 /* AstroLogic.xcdatamodeld */ = {
			isa = XCVersionGroup;
			children = (
				3903A3442A5F2D0700245DD2 /* AstroLogic.xcdatamodel */,
			);
			currentVersion = 3903A3442A5F2D0700245DD2 /* AstroLogic.xcdatamodel */;
			path = AstroLogic.xcdatamodeld;
			sourceTree = "<group>";
			versionGroupType = wrapper.xcdatamodel;
		};
		398ECC2D2A8F025900695354 /* ChartDataModel.xcdatamodeld */ = {
			isa = XCVersionGroup;
			children = (
				398ECC2E2A8F025900695354 /* ChartDataModel.xcdatamodel */,
			);
			currentVersion = 398ECC2E2A8F025900695354 /* ChartDataModel.xcdatamodel */;
			path = ChartDataModel.xcdatamodeld;
			sourceTree = "<group>";
			versionGroupType = wrapper.xcdatamodel;
		};
/* End XCVersionGroup section */
	};
	rootObject = 3903A32F2A5F2D0700245DD2 /* Project object */;
}
