// !$*UTF8*$!
{
	archiveVersion = 1;
	classes = {
	};
	objectVersion = 56;
	objects = {

/* Begin PBXBuildFile section */
		3903A33B2A5F2D0700245DD2 /* AppDelegate.swift in Sources */ = {isa = PBXBuildFile; fileRef = 3903A33A2A5F2D0700245DD2 /* AppDelegate.swift */; };
		3903A33D2A5F2D0700245DD2 /* SceneDelegate.swift in Sources */ = {isa = PBXBuildFile; fileRef = 3903A33C2A5F2D0700245DD2 /* SceneDelegate.swift */; };
		3903A33F2A5F2D0700245DD2 /* ViewController.swift in Sources */ = {isa = PBXBuildFile; fileRef = 3903A33E2A5F2D0700245DD2 /* ViewController.swift */; };
		3903A3422A5F2D0700245DD2 /* Main.storyboard in Resources */ = {isa = PBXBuildFile; fileRef = 3903A3402A5F2D0700245DD2 /* Main.storyboard */; };
		3903A3452A5F2D0700245DD2 /* AstroLogic.xcdatamodeld in Sources */ = {isa = PBXBuildFile; fileRef = 3903A3432A5F2D0700245DD2 /* AstroLogic.xcdatamodeld */; };
		3903A3472A5F2D0900245DD2 /* Assets.xcassets in Resources */ = {isa = PBXBuildFile; fileRef = 3903A3462A5F2D0900245DD2 /* Assets.xcassets */; };
		3903A34A2A5F2D0900245DD2 /* LaunchScreen.storyboard in Resources */ = {isa = PBXBuildFile; fileRef = 3903A3482A5F2D0900245DD2 /* LaunchScreen.storyboard */; };
		3903A3762A5F2E8400245DD2 /* BirthChartView.swift in Sources */ = {isa = PBXBuildFile; fileRef = 3903A3752A5F2E8400245DD2 /* BirthChartView.swift */; };
		3903A3782A5F2F3200245DD2 /* AboutVC.swift in Sources */ = {isa = PBXBuildFile; fileRef = 3903A3772A5F2F3200245DD2 /* AboutVC.swift */; };
		3903A37C2A5F305100245DD2 /* GeoCode.swift in Sources */ = {isa = PBXBuildFile; fileRef = 3903A37B2A5F305100245DD2 /* GeoCode.swift */; };
		3912BD6F2AF88EE300C9A623 /* Suggestions.swift in Sources */ = {isa = PBXBuildFile; fileRef = 3912BD6E2AF88EE300C9A623 /* Suggestions.swift */; };
		3916F33C2AA777FF00DEABEB /* NatalHousesCustomCell.swift in Sources */ = {isa = PBXBuildFile; fileRef = 3916F33B2AA777FF00DEABEB /* NatalHousesCustomCell.swift */; };
		392434522ABA7C8E00584E26 /* TabBarController.swift in Sources */ = {isa = PBXBuildFile; fileRef = 392434512ABA7C8E00584E26 /* TabBarController.swift */; };
		392434542ABA7CBC00584E26 /* RechargeVC.swift in Sources */ = {isa = PBXBuildFile; fileRef = 392434532ABA7CBC00584E26 /* RechargeVC.swift */; };
		392434562ABA7CDE00584E26 /* ActionSteps.swift in Sources */ = {isa = PBXBuildFile; fileRef = 392434552ABA7CDE00584E26 /* ActionSteps.swift */; };
		392434582ABA7D0600584E26 /* MonthActionPlanVC.swift in Sources */ = {isa = PBXBuildFile; fileRef = 392434572ABA7D0600584E26 /* MonthActionPlanVC.swift */; };
		3924345A2ABA813600584E26 /* CountDownVC.swift in Sources */ = {isa = PBXBuildFile; fileRef = 392434592ABA813600584E26 /* CountDownVC.swift */; };
		3924345E2ABB431F00584E26 /* ProgresionsAspectsBartTabController.swift in Sources */ = {isa = PBXBuildFile; fileRef = 3924345D2ABB431F00584E26 /* ProgresionsAspectsBartTabController.swift */; };
		392434602ABB432D00584E26 /* ProgresionsPlanetsBartTabController.swift in Sources */ = {isa = PBXBuildFile; fileRef = 3924345F2ABB432D00584E26 /* ProgresionsPlanetsBartTabController.swift */; };
		392434622ABB433E00584E26 /* ProgresionsAspectsByHouseBarTabController.swift in Sources */ = {isa = PBXBuildFile; fileRef = 392434612ABB433E00584E26 /* ProgresionsAspectsByHouseBarTabController.swift */; };
		3926EC542AF165E100606886 /* SunVC.swift in Sources */ = {isa = PBXBuildFile; fileRef = 3926EC532AF165E100606886 /* SunVC.swift */; };
		392D97BA2AB2CF2F0086BEA1 /* DecanatesViewVC.swift in Sources */ = {isa = PBXBuildFile; fileRef = 392D97B92AB2CF2F0086BEA1 /* DecanatesViewVC.swift */; };
		393969492AF066E80011ACF1 /* Houses Custom2.swift in Sources */ = {isa = PBXBuildFile; fileRef = 393969482AF066E80011ACF1 /* Houses Custom2.swift */; };
		3939694B2AF096A90011ACF1 /* SAAspectsVC.swift in Sources */ = {isa = PBXBuildFile; fileRef = 3939694A2AF096A90011ACF1 /* SAAspectsVC.swift */; };
		3939694D2AF096D10011ACF1 /* SAPlanetsVC.swift in Sources */ = {isa = PBXBuildFile; fileRef = 3939694C2AF096D10011ACF1 /* SAPlanetsVC.swift */; };
		3939694F2AF097510011ACF1 /* SABiWHeel.swift in Sources */ = {isa = PBXBuildFile; fileRef = 3939694E2AF097510011ACF1 /* SABiWHeel.swift */; };
		393969512AF1CCD20011ACF1 /* CurrentMoonPhaseVC.swift in Sources */ = {isa = PBXBuildFile; fileRef = 393969502AF1CCD20011ACF1 /* CurrentMoonPhaseVC.swift */; };
		393969532AF208910011ACF1 /* ProgressedMoonPhase.swift in Sources */ = {isa = PBXBuildFile; fileRef = 393969522AF208910011ACF1 /* ProgressedMoonPhase.swift */; };
		393DDD542AD71A9E00522012 /* ArchetypeBreakdownVC.swift in Sources */ = {isa = PBXBuildFile; fileRef = 393DDD532AD71A9E00522012 /* ArchetypeBreakdownVC.swift */; };
		393DDD562AD728A300522012 /* MyContentCell.swift in Sources */ = {isa = PBXBuildFile; fileRef = 393DDD552AD728A300522012 /* MyContentCell.swift */; };
		393DDD612ADC90DB00522012 /* hh.swift in Sources */ = {isa = PBXBuildFile; fileRef = 393DDD602ADC90DB00522012 /* hh.swift */; };
		393DDD632ADC96E400522012 /* CycleChartsVC.swift in Sources */ = {isa = PBXBuildFile; fileRef = 393DDD622ADC96E400522012 /* CycleChartsVC.swift */; };
		393DDD652ADC98E900522012 /* CycleChartTV.swift in Sources */ = {isa = PBXBuildFile; fileRef = 393DDD642ADC98E900522012 /* CycleChartTV.swift */; };
		393DDD672ADCBFC400522012 /* CycleTransitVC.swift in Sources */ = {isa = PBXBuildFile; fileRef = 393DDD662ADCBFC400522012 /* CycleTransitVC.swift */; };
		393E1BBE2AC9E4DB0068779B /* SimpleInterAspectsVC.swift in Sources */ = {isa = PBXBuildFile; fileRef = 393E1BBD2AC9E4DB0068779B /* SimpleInterAspectsVC.swift */; };
		394FA1992AABAA45002BC0A5 /* minorProgressedMatrixVC.swift in Sources */ = {isa = PBXBuildFile; fileRef = 394FA1982AABAA45002BC0A5 /* minorProgressedMatrixVC.swift */; };
		394FA19B2AABAA50002BC0A5 /* transitMatrixVC.swift in Sources */ = {isa = PBXBuildFile; fileRef = 394FA19A2AABAA50002BC0A5 /* transitMatrixVC.swift */; };
		394FA60D2AA48AE9000CD87B /* planetInfoDictionary.swift in Sources */ = {isa = PBXBuildFile; fileRef = 394FA60C2AA48AE9000CD87B /* planetInfoDictionary.swift */; };
		3955A6662A90963D00DE2051 /* NatalAspectsVC.swift in Sources */ = {isa = PBXBuildFile; fileRef = 3955A6652A90963D00DE2051 /* NatalAspectsVC.swift */; };
		3955A66A2A909C2E00DE2051 /* ChartTableCell.swift in Sources */ = {isa = PBXBuildFile; fileRef = 3955A6692A909C2E00DE2051 /* ChartTableCell.swift */; };
		395C0B4A2AAC298400A28A60 /* transitMatrix.swift in Sources */ = {isa = PBXBuildFile; fileRef = 395C0B492AAC298400A28A60 /* transitMatrix.swift */; };
		395DE5052A954A4B00B0B451 /* TransitAspectsVC.swift in Sources */ = {isa = PBXBuildFile; fileRef = 395DE5042A954A4B00B0B451 /* TransitAspectsVC.swift */; };
		395DE5072A95AD1100B0B451 /* Planet Info.swift in Sources */ = {isa = PBXBuildFile; fileRef = 395DE5062A95AD1100B0B451 /* Planet Info.swift */; };
		395DE5092A95DC7A00B0B451 /* RelationshipPlanetsVC.swift in Sources */ = {isa = PBXBuildFile; fileRef = 395DE5082A95DC7A00B0B451 /* RelationshipPlanetsVC.swift */; };
		395DE50B2A95DE8B00B0B451 /* RelationshipBiWHeel.swift in Sources */ = {isa = PBXBuildFile; fileRef = 395DE50A2A95DE8B00B0B451 /* RelationshipBiWHeel.swift */; };
		395DE50D2A95E0EF00B0B451 /* RelationshipsVC.swift in Sources */ = {isa = PBXBuildFile; fileRef = 395DE50C2A95E0EF00B0B451 /* RelationshipsVC.swift */; };
		395DE50F2A95E29600B0B451 /* AddRelationship.swift in Sources */ = {isa = PBXBuildFile; fileRef = 395DE50E2A95E29600B0B451 /* AddRelationship.swift */; };
		395DE5112A95E2DA00B0B451 /* AddNewRelationshipVC.swift in Sources */ = {isa = PBXBuildFile; fileRef = 395DE5102A95E2DA00B0B451 /* AddNewRelationshipVC.swift */; };
		395DE5132A95E4BE00B0B451 /* RelationshipItemsVC.swift in Sources */ = {isa = PBXBuildFile; fileRef = 395DE5122A95E4BE00B0B451 /* RelationshipItemsVC.swift */; };
		395DE5152A95E75300B0B451 /* OthersPlanetsVC.swift in Sources */ = {isa = PBXBuildFile; fileRef = 395DE5142A95E75300B0B451 /* OthersPlanetsVC.swift */; };
		395DE5172A96796A00B0B451 /* OtherStrongestPlanetVC.swift in Sources */ = {isa = PBXBuildFile; fileRef = 395DE5162A96796A00B0B451 /* OtherStrongestPlanetVC.swift */; };
		395DE5192A967C5900B0B451 /* SynastryBiwheel.swift in Sources */ = {isa = PBXBuildFile; fileRef = 395DE5182A967C5900B0B451 /* SynastryBiwheel.swift */; };
		395DE51B2A967E5000B0B451 /* SynastryChartVC.swift in Sources */ = {isa = PBXBuildFile; fileRef = 395DE51A2A967E5000B0B451 /* SynastryChartVC.swift */; };
		395DE51D2A967F1600B0B451 /* FlipSynastryVC.swift in Sources */ = {isa = PBXBuildFile; fileRef = 395DE51C2A967F1600B0B451 /* FlipSynastryVC.swift */; };
		395DE51F2A967FBE00B0B451 /* SynastryFlipBiWheel.swift in Sources */ = {isa = PBXBuildFile; fileRef = 395DE51E2A967FBE00B0B451 /* SynastryFlipBiWheel.swift */; };
		395DE5212A969E8100B0B451 /* CompositeChart.swift in Sources */ = {isa = PBXBuildFile; fileRef = 395DE5202A969E8100B0B451 /* CompositeChart.swift */; };
		395DE5232A969F1F00B0B451 /* CompositePlanetsVC.swift in Sources */ = {isa = PBXBuildFile; fileRef = 395DE5222A969F1F00B0B451 /* CompositePlanetsVC.swift */; };
		395DE5252A96E8DD00B0B451 /* SimpleTransitAspects.swift in Sources */ = {isa = PBXBuildFile; fileRef = 395DE5242A96E8DD00B0B451 /* SimpleTransitAspects.swift */; };
		395DE5272A96EA4600B0B451 /* SimpleMinorAspectsVC.swift in Sources */ = {isa = PBXBuildFile; fileRef = 395DE5262A96EA4600B0B451 /* SimpleMinorAspectsVC.swift */; };
		395DE5292A96EDB700B0B451 /* SimpleMajorAspectsVC.swift in Sources */ = {isa = PBXBuildFile; fileRef = 395DE5282A96EDB700B0B451 /* SimpleMajorAspectsVC.swift */; };
		395E2BA22AAB8DA4003A8439 /* newtv.swift in Sources */ = {isa = PBXBuildFile; fileRef = 395E2BA12AAB8DA4003A8439 /* newtv.swift */; };
		39655E3C2AA8BF09008033AB /* progresionsMatrixVC.swift in Sources */ = {isa = PBXBuildFile; fileRef = 39655E3B2AA8BF09008033AB /* progresionsMatrixVC.swift */; };
		39655E3E2AA8C3B2008033AB /* Cells.swift in Sources */ = {isa = PBXBuildFile; fileRef = 39655E3D2AA8C3B2008033AB /* Cells.swift */; };
		396989D12ABDF385007EA008 /* CustomNatalPlanetsCell.swift in Sources */ = {isa = PBXBuildFile; fileRef = 396989D02ABDF385007EA008 /* CustomNatalPlanetsCell.swift */; };
		396989D32ABDF751007EA008 /* NatalTabBarController.swift in Sources */ = {isa = PBXBuildFile; fileRef = 396989D22ABDF751007EA008 /* NatalTabBarController.swift */; };
		396989D52AC24543007EA008 /* EditChartVC.swift in Sources */ = {isa = PBXBuildFile; fileRef = 396989D42AC24543007EA008 /* EditChartVC.swift */; };
		396989D72AC2841F007EA008 /* househol;der.swift in Sources */ = {isa = PBXBuildFile; fileRef = 396989D62AC2841F007EA008 /* househol;der.swift */; };
		396A7B312AB4A34100E304D6 /* ChartView Extension.swift in Sources */ = {isa = PBXBuildFile; fileRef = 396A7B302AB4A34100E304D6 /* ChartView Extension.swift */; };
		396CD6602A9CF48D002C2528 /* FlipTransposedHousesViewController.swift in Sources */ = {isa = PBXBuildFile; fileRef = 396CD65F2A9CF48D002C2528 /* FlipTransposedHousesViewController.swift */; };
		396CDCB92A74712100EDCECC /* DecanatesVC.swift in Sources */ = {isa = PBXBuildFile; fileRef = 396CDCB82A74712100EDCECC /* DecanatesVC.swift */; };
		396CDCBB2A74716A00EDCECC /* CustomDecansTable.swift in Sources */ = {isa = PBXBuildFile; fileRef = 396CDCBA2A74716A00EDCECC /* CustomDecansTable.swift */; };
		396CDCBD2A7471A200EDCECC /* PlanetDegreeVC.swift in Sources */ = {isa = PBXBuildFile; fileRef = 396CDCBC2A7471A200EDCECC /* PlanetDegreeVC.swift */; };
		396CDCBF2A7471D400EDCECC /* PlanetDegreeCell.swift in Sources */ = {isa = PBXBuildFile; fileRef = 396CDCBE2A7471D400EDCECC /* PlanetDegreeCell.swift */; };
		396F3A082AF09C6B00FF0CAA /* SAPlanetsTCVC.swift in Sources */ = {isa = PBXBuildFile; fileRef = 396F3A072AF09C6B00FF0CAA /* SAPlanetsTCVC.swift */; };
		396F3A0A2AF09CBE00FF0CAA /* SAAspectsTCVC.swift in Sources */ = {isa = PBXBuildFile; fileRef = 396F3A092AF09CBE00FF0CAA /* SAAspectsTCVC.swift */; };
		396F3A0C2AF15BE300FF0CAA /* MoonVC.swift in Sources */ = {isa = PBXBuildFile; fileRef = 396F3A0B2AF15BE300FF0CAA /* MoonVC.swift */; };
		398225812AE652330058C86D /* MPPlanetsVC.swift in Sources */ = {isa = PBXBuildFile; fileRef = 398225802AE652330058C86D /* MPPlanetsVC.swift */; };
		3982258A2AE6C3880058C86D /* Accessibility.framework in Frameworks */ = {isa = PBXBuildFile; fileRef = 398225892AE6C3880058C86D /* Accessibility.framework */; };
		3982258B2AE6C3E00058C86D /* CoreTelephony.framework in Frameworks */ = {isa = PBXBuildFile; fileRef = 393B32A22AE64E7B00E538EB /* CoreTelephony.framework */; };
		3982258C2AE6C43E0058C86D /* SystemConfiguration.framework in Frameworks */ = {isa = PBXBuildFile; fileRef = 393B32A42AE64F0E00E538EB /* SystemConfiguration.framework */; };
		3982258E2AE6C6340058C86D /* MoonPhaseVC.swift in Sources */ = {isa = PBXBuildFile; fileRef = 3982258D2AE6C6340058C86D /* MoonPhaseVC.swift */; };
		39851F6C2A93017800E70FF5 /* TransitPlanetsTCVC.swift in Sources */ = {isa = PBXBuildFile; fileRef = 39851F6B2A93017800E70FF5 /* TransitPlanetsTCVC.swift */; };
		39851F6E2A93019E00E70FF5 /* TransitAspectsTCVC.swift in Sources */ = {isa = PBXBuildFile; fileRef = 39851F6D2A93019E00E70FF5 /* TransitAspectsTCVC.swift */; };
		39851F742A93020A00E70FF5 /* mpPlanetsTCVC.swift in Sources */ = {isa = PBXBuildFile; fileRef = 39851F732A93020A00E70FF5 /* mpPlanetsTCVC.swift */; };
		39851F762A93021C00E70FF5 /* ProgressedPlanetsTCVC.swift in Sources */ = {isa = PBXBuildFile; fileRef = 39851F752A93021C00E70FF5 /* ProgressedPlanetsTCVC.swift */; };
		39851F782A93022C00E70FF5 /* ProgressedAspectsTCVC.swift in Sources */ = {isa = PBXBuildFile; fileRef = 39851F772A93022C00E70FF5 /* ProgressedAspectsTCVC.swift */; };
		39851F7C2A93026900E70FF5 /* ProgressedAspectsByHouseTCVC.swift in Sources */ = {isa = PBXBuildFile; fileRef = 39851F7B2A93026900E70FF5 /* ProgressedAspectsByHouseTCVC.swift */; };
		39851F7E2A93028D00E70FF5 /* mpProgressedAspectsByHouseTCVC.swift in Sources */ = {isa = PBXBuildFile; fileRef = 39851F7D2A93028D00E70FF5 /* mpProgressedAspectsByHouseTCVC.swift */; };
		39851F802A9302A100E70FF5 /* TransitAspectsByHouseTCVC.swift in Sources */ = {isa = PBXBuildFile; fileRef = 39851F7F2A9302A100E70FF5 /* TransitAspectsByHouseTCVC.swift */; };
		39851F822A93063600E70FF5 /* mpAspectsTCVC.swift in Sources */ = {isa = PBXBuildFile; fileRef = 39851F812A93063600E70FF5 /* mpAspectsTCVC.swift */; };
		398580552AA26D2C007A561B /* HarmoniousInfoVC.swift in Sources */ = {isa = PBXBuildFile; fileRef = 398580542AA26D2C007A561B /* HarmoniousInfoVC.swift */; };
		398580572AA26D34007A561B /* DiscordInfoVC.swift in Sources */ = {isa = PBXBuildFile; fileRef = 398580562AA26D34007A561B /* DiscordInfoVC.swift */; };
		398580592AA26FC8007A561B /* ImagePicker.swift in Sources */ = {isa = PBXBuildFile; fileRef = 398580582AA26FC8007A561B /* ImagePicker.swift */; };
		398832C82AFAE2AB00BCE1A0 /* HoraryVC.swift in Sources */ = {isa = PBXBuildFile; fileRef = 398832C72AFAE2AB00BCE1A0 /* HoraryVC.swift */; };
		398ECC2F2A8F025900695354 /* ChartDataModel.xcdatamodeld in Sources */ = {isa = PBXBuildFile; fileRef = 398ECC2D2A8F025900695354 /* ChartDataModel.xcdatamodeld */; };
		398ECC312A8F07D300695354 /* MyCharts.swift in Sources */ = {isa = PBXBuildFile; fileRef = 398ECC302A8F07D300695354 /* MyCharts.swift */; };
		3997F0742A63707F00741E9D /* Sentence.swift in Sources */ = {isa = PBXBuildFile; fileRef = 3997F0732A63707F00741E9D /* Sentence.swift */; };
		3997F0762A637D4700741E9D /* File.swift in Sources */ = {isa = PBXBuildFile; fileRef = 3997F0752A637D4700741E9D /* File.swift */; };
		3997F0782A63C6D800741E9D /* 35.swift in Sources */ = {isa = PBXBuildFile; fileRef = 3997F0772A63C6D800741E9D /* 35.swift */; };
		3997F07A2A64303F00741E9D /* Progression Sentence.swift in Sources */ = {isa = PBXBuildFile; fileRef = 3997F0792A64303F00741E9D /* Progression Sentence.swift */; };
		3997F07E2A68F7DF00741E9D /* AspectarianView.swift in Sources */ = {isa = PBXBuildFile; fileRef = 3997F07D2A68F7DF00741E9D /* AspectarianView.swift */; };
		3998A2A92B20ED8A008A57C5 /* VocationTVC.swift in Sources */ = {isa = PBXBuildFile; fileRef = 3998A2A82B20ED8A008A57C5 /* VocationTVC.swift */; };
		3998A2AB2B20EDBA008A57C5 /* VocationalVC.swift in Sources */ = {isa = PBXBuildFile; fileRef = 3998A2AA2B20EDBA008A57C5 /* VocationalVC.swift */; };
		3998A2AD2B210861008A57C5 /* HarmonyHouse.swift in Sources */ = {isa = PBXBuildFile; fileRef = 3998A2AC2B210861008A57C5 /* HarmonyHouse.swift */; };
		3998A2AF2B210899008A57C5 /* VocationalHouses.swift in Sources */ = {isa = PBXBuildFile; fileRef = 3998A2AE2B210899008A57C5 /* VocationalHouses.swift */; };
		399B62972AB75D77006BAC2E /* ImportAAFVC.swift in Sources */ = {isa = PBXBuildFile; fileRef = 399B62962AB75D77006BAC2E /* ImportAAFVC.swift */; };
		399B62992AB75DAC006BAC2E /* Charts3.swift in Sources */ = {isa = PBXBuildFile; fileRef = 399B62982AB75DAC006BAC2E /* Charts3.swift */; };
		399B629B2AB7A109006BAC2E /* 23Ancestory.swift in Sources */ = {isa = PBXBuildFile; fileRef = 399B629A2AB7A109006BAC2E /* 23Ancestory.swift */; };
		399B629F2AB831B3006BAC2E /* RealmsVC.swift in Sources */ = {isa = PBXBuildFile; fileRef = 399B629E2AB831B3006BAC2E /* RealmsVC.swift */; };
		39A0ED0F2B1D7FEE00A6CD39 /* Calendar.swift in Sources */ = {isa = PBXBuildFile; fileRef = 39A0ED0E2B1D7FEE00A6CD39 /* Calendar.swift */; };
		39A0ED122B1D8EF100A6CD39 /* FSCalendar in Frameworks */ = {isa = PBXBuildFile; productRef = 39A0ED112B1D8EF100A6CD39 /* FSCalendar */; };
		39A0ED142B1D931D00A6CD39 /* CalendarCell.swift in Sources */ = {isa = PBXBuildFile; fileRef = 39A0ED132B1D931D00A6CD39 /* CalendarCell.swift */; };
		39A0ED162B1D9B0300A6CD39 /* CalendarHeaderView.swift in Sources */ = {isa = PBXBuildFile; fileRef = 39A0ED152B1D9B0300A6CD39 /* CalendarHeaderView.swift */; };
		39A0FBB42B1D26E000FD7A72 /* SunMoonSeasonVC.swift in Sources */ = {isa = PBXBuildFile; fileRef = 39A0FBB32B1D26E000FD7A72 /* SunMoonSeasonVC.swift */; };
		39A0FBB72B1D29B400FD7A72 /* SwiftEphemeris in Frameworks */ = {isa = PBXBuildFile; productRef = 39A0FBB62B1D29B400FD7A72 /* SwiftEphemeris */; };
		39A0FBB92B1D5EEE00FD7A72 /* SunMoonHouse.swift in Sources */ = {isa = PBXBuildFile; fileRef = 39A0FBB82B1D5EEE00FD7A72 /* SunMoonHouse.swift */; };
		39A1EC342A5F6003008D1EC1 /* StrongestPlanetVC.swift in Sources */ = {isa = PBXBuildFile; fileRef = 39A1EC332A5F6003008D1EC1 /* StrongestPlanetVC.swift */; };
		39A1EC362A5F6043008D1EC1 /* MyItemsVC.swift in Sources */ = {isa = PBXBuildFile; fileRef = 39A1EC352A5F6043008D1EC1 /* MyItemsVC.swift */; };
		39A1EC382A5F60DA008D1EC1 /* Today's VC.swift in Sources */ = {isa = PBXBuildFile; fileRef = 39A1EC372A5F60DA008D1EC1 /* Today's VC.swift */; };
		39A1EC3A2A5F61AD008D1EC1 /* ChartViewerVC.swift in Sources */ = {isa = PBXBuildFile; fileRef = 39A1EC392A5F61AD008D1EC1 /* ChartViewerVC.swift */; };
		39A1EC3D2A5F61D8008D1EC1 /* DGCharts in Frameworks */ = {isa = PBXBuildFile; productRef = 39A1EC3C2A5F61D8008D1EC1 /* DGCharts */; };
		39A1EC3F2A5F6DB6008D1EC1 /* NatalPlanetsVC.swift in Sources */ = {isa = PBXBuildFile; fileRef = 39A1EC3E2A5F6DB6008D1EC1 /* NatalPlanetsVC.swift */; };
		39A1EC412A5F6E91008D1EC1 /* CustomTableCell.swift in Sources */ = {isa = PBXBuildFile; fileRef = 39A1EC402A5F6E91008D1EC1 /* CustomTableCell.swift */; };
		39A1EC432A5F7080008D1EC1 /* TransitPlanetsVC.swift in Sources */ = {isa = PBXBuildFile; fileRef = 39A1EC422A5F7080008D1EC1 /* TransitPlanetsVC.swift */; };
		39A1EC472A5F75CF008D1EC1 /* MyNatalHousesVC.swift in Sources */ = {isa = PBXBuildFile; fileRef = 39A1EC462A5F75CF008D1EC1 /* MyNatalHousesVC.swift */; };
		39A1EC4F2A5F76B8008D1EC1 /* MinorsAspectsVC.swift in Sources */ = {isa = PBXBuildFile; fileRef = 39A1EC4E2A5F76B8008D1EC1 /* MinorsAspectsVC.swift */; };
		39A1EC512A5F76E8008D1EC1 /* MinorsPlanetsVC.swift in Sources */ = {isa = PBXBuildFile; fileRef = 39A1EC502A5F76E8008D1EC1 /* MinorsPlanetsVC.swift */; };
		39A1EC532A5F773E008D1EC1 /* MPAspectsVC.swift in Sources */ = {isa = PBXBuildFile; fileRef = 39A1EC522A5F773E008D1EC1 /* MPAspectsVC.swift */; };
		39A1EC552A5F798F008D1EC1 /* MajorsBiWheel.swift in Sources */ = {isa = PBXBuildFile; fileRef = 39A1EC542A5F798F008D1EC1 /* MajorsBiWheel.swift */; };
		39A1EC572A5F799E008D1EC1 /* MinorsBiWheel.swift in Sources */ = {isa = PBXBuildFile; fileRef = 39A1EC562A5F799E008D1EC1 /* MinorsBiWheel.swift */; };
		39A1EC592A5F79A8008D1EC1 /* TransitsBiWheel.swift in Sources */ = {isa = PBXBuildFile; fileRef = 39A1EC582A5F79A8008D1EC1 /* TransitsBiWheel.swift */; };
		39A1EC5B2A5F7A31008D1EC1 /* Custom Aspects.swift in Sources */ = {isa = PBXBuildFile; fileRef = 39A1EC5A2A5F7A31008D1EC1 /* Custom Aspects.swift */; };
		39A1EC5D2A5F7A96008D1EC1 /* NewAspects.swift in Sources */ = {isa = PBXBuildFile; fileRef = 39A1EC5C2A5F7A96008D1EC1 /* NewAspects.swift */; };
		39A1EC5F2A5FA75E008D1EC1 /* 1.swift in Sources */ = {isa = PBXBuildFile; fileRef = 39A1EC5E2A5FA75E008D1EC1 /* 1.swift */; };
		39A1EC612A603D8F008D1EC1 /* Houses Custom.swift in Sources */ = {isa = PBXBuildFile; fileRef = 39A1EC602A603D8F008D1EC1 /* Houses Custom.swift */; };
		39A1EC632A605743008D1EC1 /* signs.swift in Sources */ = {isa = PBXBuildFile; fileRef = 39A1EC622A605743008D1EC1 /* signs.swift */; };
		39A1EC652A60EBC0008D1EC1 /* 34.swift in Sources */ = {isa = PBXBuildFile; fileRef = 39A1EC642A60EBC0008D1EC1 /* 34.swift */; };
		39A1EC672A60F744008D1EC1 /* InfoVC.swift in Sources */ = {isa = PBXBuildFile; fileRef = 39A1EC662A60F744008D1EC1 /* InfoVC.swift */; };
		39A1EC6B2A610480008D1EC1 /* Dignity.swift in Sources */ = {isa = PBXBuildFile; fileRef = 39A1EC6A2A610480008D1EC1 /* Dignity.swift */; };
		39A1EC6D2A611BFD008D1EC1 /* graph info.swift in Sources */ = {isa = PBXBuildFile; fileRef = 39A1EC6C2A611BFD008D1EC1 /* graph info.swift */; };
		39B838502AABC8670039AD91 /* NestedProgressedAspects.swift in Sources */ = {isa = PBXBuildFile; fileRef = 39B8384F2AABC8670039AD91 /* NestedProgressedAspects.swift */; };
		39BF3DA22B01D69A006FD001 /* pp.swift in Sources */ = {isa = PBXBuildFile; fileRef = 39BF3DA12B01D69A006FD001 /* pp.swift */; };
		39C5A5822B03308D007881CC /* SimpleInterAspectsFlipped.swift in Sources */ = {isa = PBXBuildFile; fileRef = 39C5A5812B03308D007881CC /* SimpleInterAspectsFlipped.swift */; };
		39C861752AFC00C4007D38A0 /* NameVC.swift in Sources */ = {isa = PBXBuildFile; fileRef = 39C861742AFC00C4007D38A0 /* NameVC.swift */; };
		39C861772AFC79A7007D38A0 /* CompositStrongestPlanet.swift in Sources */ = {isa = PBXBuildFile; fileRef = 39C861762AFC79A7007D38A0 /* CompositStrongestPlanet.swift */; };
		39C861792AFCAF5F007D38A0 /* MyCompositeItemsVC.swift in Sources */ = {isa = PBXBuildFile; fileRef = 39C861782AFCAF5F007D38A0 /* MyCompositeItemsVC.swift */; };
		39C8617B2AFCB147007D38A0 /* CompositeChartsVC.swift in Sources */ = {isa = PBXBuildFile; fileRef = 39C8617A2AFCB147007D38A0 /* CompositeChartsVC.swift */; };
		39CFBE7B2B096A8900BCBC4E /* ElementsVC.swift in Sources */ = {isa = PBXBuildFile; fileRef = 39CFBE7A2B096A8900BCBC4E /* ElementsVC.swift */; };
		39CFBE7D2B096A9000BCBC4E /* ModesVC.swift in Sources */ = {isa = PBXBuildFile; fileRef = 39CFBE7C2B096A9000BCBC4E /* ModesVC.swift */; };
		39CFBE7F2B096A9900BCBC4E /* EmanationsVC.swift in Sources */ = {isa = PBXBuildFile; fileRef = 39CFBE7E2B096A9900BCBC4E /* EmanationsVC.swift */; };
		39CFBE812B096AA600BCBC4E /* TrinitiesVC.swift in Sources */ = {isa = PBXBuildFile; fileRef = 39CFBE802B096AA600BCBC4E /* TrinitiesVC.swift */; };
		39CFBE832B096AAD00BCBC4E /* DomainsVC.swift in Sources */ = {isa = PBXBuildFile; fileRef = 39CFBE822B096AAD00BCBC4E /* DomainsVC.swift */; };
		39CFBE852B096AEF00BCBC4E /* PieChartsTBC.swift in Sources */ = {isa = PBXBuildFile; fileRef = 39CFBE842B096AEF00BCBC4E /* PieChartsTBC.swift */; };
		39CFBE872B09CD5600BCBC4E /* Harmony Discord BarView.swift in Sources */ = {isa = PBXBuildFile; fileRef = 39CFBE862B09CD5600BCBC4E /* Harmony Discord BarView.swift */; };
		39CFBE892B0A6CF000BCBC4E /* Progressions DATA.swift in Sources */ = {isa = PBXBuildFile; fileRef = 39CFBE882B0A6CF000BCBC4E /* Progressions DATA.swift */; };
		39CFBE8B2B0AFCC300BCBC4E /* ContentData.swift in Sources */ = {isa = PBXBuildFile; fileRef = 39CFBE8A2B0AFCC300BCBC4E /* ContentData.swift */; };
		39E113EE2A8ABE80006EA576 /* AspectByHouses.swift in Sources */ = {isa = PBXBuildFile; fileRef = 39E113ED2A8ABE80006EA576 /* AspectByHouses.swift */; };
		39E113F02A8AC18E006EA576 /* ProgressedAspectsByHouses.swift in Sources */ = {isa = PBXBuildFile; fileRef = 39E113EF2A8AC18E006EA576 /* ProgressedAspectsByHouses.swift */; };
		39E113F22A8AC1C9006EA576 /* minorProgressedAsepctsByHousesVC.swift in Sources */ = {isa = PBXBuildFile; fileRef = 39E113F12A8AC1C9006EA576 /* minorProgressedAsepctsByHousesVC.swift */; };
		39E113F42A8AC220006EA576 /* TransitAspectsByHouses.swift in Sources */ = {isa = PBXBuildFile; fileRef = 39E113F32A8AC220006EA576 /* TransitAspectsByHouses.swift */; };
		39E168642A96D8150003892B /* NatalAspectsSimple.swift in Sources */ = {isa = PBXBuildFile; fileRef = 39E168632A96D8150003892B /* NatalAspectsSimple.swift */; };
		39E168662A972D3D0003892B /* SimpleAspectsByHouse.swift in Sources */ = {isa = PBXBuildFile; fileRef = 39E168652A972D3C0003892B /* SimpleAspectsByHouse.swift */; };
		39E168682A972F0E0003892B /* SimpleProgressedAspectsByHouse.swift in Sources */ = {isa = PBXBuildFile; fileRef = 39E168672A972F0E0003892B /* SimpleProgressedAspectsByHouse.swift */; };
		39E1686A2A9730290003892B /* SimpleMinorProgressedAspectsByHouse.swift in Sources */ = {isa = PBXBuildFile; fileRef = 39E168692A9730290003892B /* SimpleMinorProgressedAspectsByHouse.swift */; };
		39E1686C2A97314B0003892B /* SimpleTransitAspectsByHouse.swift in Sources */ = {isa = PBXBuildFile; fileRef = 39E1686B2A97314B0003892B /* SimpleTransitAspectsByHouse.swift */; };
		39E168712A996FB90003892B /* TransposedHousesVC.swift in Sources */ = {isa = PBXBuildFile; fileRef = 39E168702A996FB90003892B /* TransposedHousesVC.swift */; };
		39E168752A9A154C0003892B /* AboutDecanatesVC.swift in Sources */ = {isa = PBXBuildFile; fileRef = 39E168742A9A154C0003892B /* AboutDecanatesVC.swift */; };
		39E1687B2A9C8EA70003892B /* SolarArcViewController.swift in Sources */ = {isa = PBXBuildFile; fileRef = 39E1687A2A9C8EA70003892B /* SolarArcViewController.swift */; };
		39E1D0272AFAAC5000E56EC5 /* WeatherVC.swift in Sources */ = {isa = PBXBuildFile; fileRef = 39E1D0262AFAAC5000E56EC5 /* WeatherVC.swift */; };
/* End PBXBuildFile section */

/* Begin PBXFileReference section */
		3903A3372A5F2D0700245DD2 /* AstroLogic.app */ = {isa = PBXFileReference; explicitFileType = wrapper.application; includeInIndex = 0; path = AstroLogic.app; sourceTree = BUILT_PRODUCTS_DIR; };
		3903A33A2A5F2D0700245DD2 /* AppDelegate.swift */ = {isa = PBXFileReference; lastKnownFileType = sourcecode.swift; path = AppDelegate.swift; sourceTree = "<group>"; };
		3903A33C2A5F2D0700245DD2 /* SceneDelegate.swift */ = {isa = PBXFileReference; lastKnownFileType = sourcecode.swift; path = SceneDelegate.swift; sourceTree = "<group>"; };
		3903A33E2A5F2D0700245DD2 /* ViewController.swift */ = {isa = PBXFileReference; lastKnownFileType = sourcecode.swift; path = ViewController.swift; sourceTree = "<group>"; };
		3903A3412A5F2D0700245DD2 /* Base */ = {isa = PBXFileReference; lastKnownFileType = file.storyboard; name = Base; path = Base.lproj/Main.storyboard; sourceTree = "<group>"; };
		3903A3442A5F2D0700245DD2 /* AstroLogic.xcdatamodel */ = {isa = PBXFileReference; lastKnownFileType = wrapper.xcdatamodel; path = AstroLogic.xcdatamodel; sourceTree = "<group>"; };
		3903A3462A5F2D0900245DD2 /* Assets.xcassets */ = {isa = PBXFileReference; lastKnownFileType = folder.assetcatalog; path = Assets.xcassets; sourceTree = "<group>"; };
		3903A3492A5F2D0900245DD2 /* Base */ = {isa = PBXFileReference; lastKnownFileType = file.storyboard; name = Base; path = Base.lproj/LaunchScreen.storyboard; sourceTree = "<group>"; };
		3903A34B2A5F2D0900245DD2 /* Info.plist */ = {isa = PBXFileReference; lastKnownFileType = text.plist.xml; path = Info.plist; sourceTree = "<group>"; };
		3903A3752A5F2E8400245DD2 /* BirthChartView.swift */ = {isa = PBXFileReference; lastKnownFileType = sourcecode.swift; path = BirthChartView.swift; sourceTree = "<group>"; };
		3903A3772A5F2F3200245DD2 /* AboutVC.swift */ = {isa = PBXFileReference; lastKnownFileType = sourcecode.swift; path = AboutVC.swift; sourceTree = "<group>"; };
		3903A37B2A5F305100245DD2 /* GeoCode.swift */ = {isa = PBXFileReference; lastKnownFileType = sourcecode.swift; path = GeoCode.swift; sourceTree = "<group>"; };
		3912BD6E2AF88EE300C9A623 /* Suggestions.swift */ = {isa = PBXFileReference; lastKnownFileType = sourcecode.swift; path = Suggestions.swift; sourceTree = "<group>"; };
		3916F33B2AA777FF00DEABEB /* NatalHousesCustomCell.swift */ = {isa = PBXFileReference; lastKnownFileType = sourcecode.swift; path = NatalHousesCustomCell.swift; sourceTree = "<group>"; };
		392434512ABA7C8E00584E26 /* TabBarController.swift */ = {isa = PBXFileReference; lastKnownFileType = sourcecode.swift; path = TabBarController.swift; sourceTree = "<group>"; };
		392434532ABA7CBC00584E26 /* RechargeVC.swift */ = {isa = PBXFileReference; lastKnownFileType = sourcecode.swift; path = RechargeVC.swift; sourceTree = "<group>"; };
		392434552ABA7CDE00584E26 /* ActionSteps.swift */ = {isa = PBXFileReference; lastKnownFileType = sourcecode.swift; path = ActionSteps.swift; sourceTree = "<group>"; };
		392434572ABA7D0600584E26 /* MonthActionPlanVC.swift */ = {isa = PBXFileReference; lastKnownFileType = sourcecode.swift; path = MonthActionPlanVC.swift; sourceTree = "<group>"; };
		392434592ABA813600584E26 /* CountDownVC.swift */ = {isa = PBXFileReference; lastKnownFileType = sourcecode.swift; path = CountDownVC.swift; sourceTree = "<group>"; };
		3924345D2ABB431F00584E26 /* ProgresionsAspectsBartTabController.swift */ = {isa = PBXFileReference; lastKnownFileType = sourcecode.swift; path = ProgresionsAspectsBartTabController.swift; sourceTree = "<group>"; };
		3924345F2ABB432D00584E26 /* ProgresionsPlanetsBartTabController.swift */ = {isa = PBXFileReference; lastKnownFileType = sourcecode.swift; path = ProgresionsPlanetsBartTabController.swift; sourceTree = "<group>"; };
		392434612ABB433E00584E26 /* ProgresionsAspectsByHouseBarTabController.swift */ = {isa = PBXFileReference; lastKnownFileType = sourcecode.swift; path = ProgresionsAspectsByHouseBarTabController.swift; sourceTree = "<group>"; };
		3926EC532AF165E100606886 /* SunVC.swift */ = {isa = PBXFileReference; lastKnownFileType = sourcecode.swift; path = SunVC.swift; sourceTree = "<group>"; };
		392D97B92AB2CF2F0086BEA1 /* DecanatesViewVC.swift */ = {isa = PBXFileReference; lastKnownFileType = sourcecode.swift; path = DecanatesViewVC.swift; sourceTree = "<group>"; };
		393969482AF066E80011ACF1 /* Houses Custom2.swift */ = {isa = PBXFileReference; lastKnownFileType = sourcecode.swift; path = "Houses Custom2.swift"; sourceTree = "<group>"; };
		3939694A2AF096A90011ACF1 /* SAAspectsVC.swift */ = {isa = PBXFileReference; lastKnownFileType = sourcecode.swift; path = SAAspectsVC.swift; sourceTree = "<group>"; };
		3939694C2AF096D10011ACF1 /* SAPlanetsVC.swift */ = {isa = PBXFileReference; lastKnownFileType = sourcecode.swift; path = SAPlanetsVC.swift; sourceTree = "<group>"; };
		3939694E2AF097510011ACF1 /* SABiWHeel.swift */ = {isa = PBXFileReference; lastKnownFileType = sourcecode.swift; path = SABiWHeel.swift; sourceTree = "<group>"; };
		393969502AF1CCD20011ACF1 /* CurrentMoonPhaseVC.swift */ = {isa = PBXFileReference; lastKnownFileType = sourcecode.swift; path = CurrentMoonPhaseVC.swift; sourceTree = "<group>"; };
		393969522AF208910011ACF1 /* ProgressedMoonPhase.swift */ = {isa = PBXFileReference; lastKnownFileType = sourcecode.swift; path = ProgressedMoonPhase.swift; sourceTree = "<group>"; };
		393B32A22AE64E7B00E538EB /* CoreTelephony.framework */ = {isa = PBXFileReference; lastKnownFileType = wrapper.framework; name = CoreTelephony.framework; path = System/Library/Frameworks/CoreTelephony.framework; sourceTree = SDKROOT; };
		393B32A42AE64F0E00E538EB /* SystemConfiguration.framework */ = {isa = PBXFileReference; lastKnownFileType = wrapper.framework; name = SystemConfiguration.framework; path = System/Library/Frameworks/SystemConfiguration.framework; sourceTree = SDKROOT; };
		393DDD532AD71A9E00522012 /* ArchetypeBreakdownVC.swift */ = {isa = PBXFileReference; lastKnownFileType = sourcecode.swift; path = ArchetypeBreakdownVC.swift; sourceTree = "<group>"; };
		393DDD552AD728A300522012 /* MyContentCell.swift */ = {isa = PBXFileReference; lastKnownFileType = sourcecode.swift; path = MyContentCell.swift; sourceTree = "<group>"; };
		393DDD602ADC90DB00522012 /* hh.swift */ = {isa = PBXFileReference; lastKnownFileType = sourcecode.swift; path = hh.swift; sourceTree = "<group>"; };
		393DDD622ADC96E400522012 /* CycleChartsVC.swift */ = {isa = PBXFileReference; lastKnownFileType = sourcecode.swift; path = CycleChartsVC.swift; sourceTree = "<group>"; };
		393DDD642ADC98E900522012 /* CycleChartTV.swift */ = {isa = PBXFileReference; lastKnownFileType = sourcecode.swift; path = CycleChartTV.swift; sourceTree = "<group>"; };
		393DDD662ADCBFC400522012 /* CycleTransitVC.swift */ = {isa = PBXFileReference; lastKnownFileType = sourcecode.swift; path = CycleTransitVC.swift; sourceTree = "<group>"; };
		393E1BBD2AC9E4DB0068779B /* SimpleInterAspectsVC.swift */ = {isa = PBXFileReference; lastKnownFileType = sourcecode.swift; path = SimpleInterAspectsVC.swift; sourceTree = "<group>"; };
		394FA1982AABAA45002BC0A5 /* minorProgressedMatrixVC.swift */ = {isa = PBXFileReference; lastKnownFileType = sourcecode.swift; path = minorProgressedMatrixVC.swift; sourceTree = "<group>"; };
		394FA19A2AABAA50002BC0A5 /* transitMatrixVC.swift */ = {isa = PBXFileReference; lastKnownFileType = sourcecode.swift; path = transitMatrixVC.swift; sourceTree = "<group>"; };
		394FA60C2AA48AE9000CD87B /* planetInfoDictionary.swift */ = {isa = PBXFileReference; lastKnownFileType = sourcecode.swift; path = planetInfoDictionary.swift; sourceTree = "<group>"; };
		3955A6652A90963D00DE2051 /* NatalAspectsVC.swift */ = {isa = PBXFileReference; lastKnownFileType = sourcecode.swift; path = NatalAspectsVC.swift; sourceTree = "<group>"; };
		3955A6692A909C2E00DE2051 /* ChartTableCell.swift */ = {isa = PBXFileReference; lastKnownFileType = sourcecode.swift; path = ChartTableCell.swift; sourceTree = "<group>"; };
		395C0B492AAC298400A28A60 /* transitMatrix.swift */ = {isa = PBXFileReference; lastKnownFileType = sourcecode.swift; path = transitMatrix.swift; sourceTree = "<group>"; };
		395DE5042A954A4B00B0B451 /* TransitAspectsVC.swift */ = {isa = PBXFileReference; lastKnownFileType = sourcecode.swift; path = TransitAspectsVC.swift; sourceTree = "<group>"; };
		395DE5062A95AD1100B0B451 /* Planet Info.swift */ = {isa = PBXFileReference; lastKnownFileType = sourcecode.swift; path = "Planet Info.swift"; sourceTree = "<group>"; };
		395DE5082A95DC7A00B0B451 /* RelationshipPlanetsVC.swift */ = {isa = PBXFileReference; lastKnownFileType = sourcecode.swift; path = RelationshipPlanetsVC.swift; sourceTree = "<group>"; };
		395DE50A2A95DE8B00B0B451 /* RelationshipBiWHeel.swift */ = {isa = PBXFileReference; lastKnownFileType = sourcecode.swift; path = RelationshipBiWHeel.swift; sourceTree = "<group>"; };
		395DE50C2A95E0EF00B0B451 /* RelationshipsVC.swift */ = {isa = PBXFileReference; lastKnownFileType = sourcecode.swift; path = RelationshipsVC.swift; sourceTree = "<group>"; };
		395DE50E2A95E29600B0B451 /* AddRelationship.swift */ = {isa = PBXFileReference; lastKnownFileType = sourcecode.swift; path = AddRelationship.swift; sourceTree = "<group>"; };
		395DE5102A95E2DA00B0B451 /* AddNewRelationshipVC.swift */ = {isa = PBXFileReference; lastKnownFileType = sourcecode.swift; path = AddNewRelationshipVC.swift; sourceTree = "<group>"; };
		395DE5122A95E4BE00B0B451 /* RelationshipItemsVC.swift */ = {isa = PBXFileReference; lastKnownFileType = sourcecode.swift; path = RelationshipItemsVC.swift; sourceTree = "<group>"; };
		395DE5142A95E75300B0B451 /* OthersPlanetsVC.swift */ = {isa = PBXFileReference; lastKnownFileType = sourcecode.swift; path = OthersPlanetsVC.swift; sourceTree = "<group>"; };
		395DE5162A96796A00B0B451 /* OtherStrongestPlanetVC.swift */ = {isa = PBXFileReference; lastKnownFileType = sourcecode.swift; path = OtherStrongestPlanetVC.swift; sourceTree = "<group>"; };
		395DE5182A967C5900B0B451 /* SynastryBiwheel.swift */ = {isa = PBXFileReference; lastKnownFileType = sourcecode.swift; path = SynastryBiwheel.swift; sourceTree = "<group>"; };
		395DE51A2A967E5000B0B451 /* SynastryChartVC.swift */ = {isa = PBXFileReference; lastKnownFileType = sourcecode.swift; path = SynastryChartVC.swift; sourceTree = "<group>"; };
		395DE51C2A967F1600B0B451 /* FlipSynastryVC.swift */ = {isa = PBXFileReference; lastKnownFileType = sourcecode.swift; path = FlipSynastryVC.swift; sourceTree = "<group>"; };
		395DE51E2A967FBE00B0B451 /* SynastryFlipBiWheel.swift */ = {isa = PBXFileReference; lastKnownFileType = sourcecode.swift; path = SynastryFlipBiWheel.swift; sourceTree = "<group>"; };
		395DE5202A969E8100B0B451 /* CompositeChart.swift */ = {isa = PBXFileReference; lastKnownFileType = sourcecode.swift; path = CompositeChart.swift; sourceTree = "<group>"; };
		395DE5222A969F1F00B0B451 /* CompositePlanetsVC.swift */ = {isa = PBXFileReference; lastKnownFileType = sourcecode.swift; path = CompositePlanetsVC.swift; sourceTree = "<group>"; };
		395DE5242A96E8DD00B0B451 /* SimpleTransitAspects.swift */ = {isa = PBXFileReference; lastKnownFileType = sourcecode.swift; path = SimpleTransitAspects.swift; sourceTree = "<group>"; };
		395DE5262A96EA4600B0B451 /* SimpleMinorAspectsVC.swift */ = {isa = PBXFileReference; lastKnownFileType = sourcecode.swift; path = SimpleMinorAspectsVC.swift; sourceTree = "<group>"; };
		395DE5282A96EDB700B0B451 /* SimpleMajorAspectsVC.swift */ = {isa = PBXFileReference; lastKnownFileType = sourcecode.swift; path = SimpleMajorAspectsVC.swift; sourceTree = "<group>"; };
		395E2BA12AAB8DA4003A8439 /* newtv.swift */ = {isa = PBXFileReference; lastKnownFileType = sourcecode.swift; path = newtv.swift; sourceTree = "<group>"; };
		395EF8802AF8E99900ABADE4 /* AstroLogic.entitlements */ = {isa = PBXFileReference; lastKnownFileType = text.plist.entitlements; path = AstroLogic.entitlements; sourceTree = "<group>"; };
		39655E3B2AA8BF09008033AB /* progresionsMatrixVC.swift */ = {isa = PBXFileReference; lastKnownFileType = sourcecode.swift; path = progresionsMatrixVC.swift; sourceTree = "<group>"; };
		39655E3D2AA8C3B2008033AB /* Cells.swift */ = {isa = PBXFileReference; lastKnownFileType = sourcecode.swift; path = Cells.swift; sourceTree = "<group>"; };
		396989D02ABDF385007EA008 /* CustomNatalPlanetsCell.swift */ = {isa = PBXFileReference; lastKnownFileType = sourcecode.swift; path = CustomNatalPlanetsCell.swift; sourceTree = "<group>"; };
		396989D22ABDF751007EA008 /* NatalTabBarController.swift */ = {isa = PBXFileReference; lastKnownFileType = sourcecode.swift; path = NatalTabBarController.swift; sourceTree = "<group>"; };
		396989D42AC24543007EA008 /* EditChartVC.swift */ = {isa = PBXFileReference; lastKnownFileType = sourcecode.swift; path = EditChartVC.swift; sourceTree = "<group>"; };
		396989D62AC2841F007EA008 /* househol;der.swift */ = {isa = PBXFileReference; lastKnownFileType = sourcecode.swift; path = "househol;der.swift"; sourceTree = "<group>"; };
		396A7B302AB4A34100E304D6 /* ChartView Extension.swift */ = {isa = PBXFileReference; lastKnownFileType = sourcecode.swift; path = "ChartView Extension.swift"; sourceTree = "<group>"; };
		396CD65F2A9CF48D002C2528 /* FlipTransposedHousesViewController.swift */ = {isa = PBXFileReference; lastKnownFileType = sourcecode.swift; path = FlipTransposedHousesViewController.swift; sourceTree = "<group>"; };
		396CDCB82A74712100EDCECC /* DecanatesVC.swift */ = {isa = PBXFileReference; lastKnownFileType = sourcecode.swift; path = DecanatesVC.swift; sourceTree = "<group>"; };
		396CDCBA2A74716A00EDCECC /* CustomDecansTable.swift */ = {isa = PBXFileReference; lastKnownFileType = sourcecode.swift; path = CustomDecansTable.swift; sourceTree = "<group>"; };
		396CDCBC2A7471A200EDCECC /* PlanetDegreeVC.swift */ = {isa = PBXFileReference; lastKnownFileType = sourcecode.swift; path = PlanetDegreeVC.swift; sourceTree = "<group>"; };
		396CDCBE2A7471D400EDCECC /* PlanetDegreeCell.swift */ = {isa = PBXFileReference; lastKnownFileType = sourcecode.swift; path = PlanetDegreeCell.swift; sourceTree = "<group>"; };
		396F3A072AF09C6B00FF0CAA /* SAPlanetsTCVC.swift */ = {isa = PBXFileReference; lastKnownFileType = sourcecode.swift; path = SAPlanetsTCVC.swift; sourceTree = "<group>"; };
		396F3A092AF09CBE00FF0CAA /* SAAspectsTCVC.swift */ = {isa = PBXFileReference; lastKnownFileType = sourcecode.swift; path = SAAspectsTCVC.swift; sourceTree = "<group>"; };
		396F3A0B2AF15BE300FF0CAA /* MoonVC.swift */ = {isa = PBXFileReference; lastKnownFileType = sourcecode.swift; path = MoonVC.swift; sourceTree = "<group>"; };
		398225802AE652330058C86D /* MPPlanetsVC.swift */ = {isa = PBXFileReference; lastKnownFileType = sourcecode.swift; path = MPPlanetsVC.swift; sourceTree = "<group>"; };
		398225892AE6C3880058C86D /* Accessibility.framework */ = {isa = PBXFileReference; lastKnownFileType = wrapper.framework; name = Accessibility.framework; path = System/Library/Frameworks/Accessibility.framework; sourceTree = SDKROOT; };
		3982258D2AE6C6340058C86D /* MoonPhaseVC.swift */ = {isa = PBXFileReference; lastKnownFileType = sourcecode.swift; path = MoonPhaseVC.swift; sourceTree = "<group>"; };
		39851F6B2A93017800E70FF5 /* TransitPlanetsTCVC.swift */ = {isa = PBXFileReference; lastKnownFileType = sourcecode.swift; path = TransitPlanetsTCVC.swift; sourceTree = "<group>"; };
		39851F6D2A93019E00E70FF5 /* TransitAspectsTCVC.swift */ = {isa = PBXFileReference; lastKnownFileType = sourcecode.swift; path = TransitAspectsTCVC.swift; sourceTree = "<group>"; };
		39851F732A93020A00E70FF5 /* mpPlanetsTCVC.swift */ = {isa = PBXFileReference; lastKnownFileType = sourcecode.swift; path = mpPlanetsTCVC.swift; sourceTree = "<group>"; };
		39851F752A93021C00E70FF5 /* ProgressedPlanetsTCVC.swift */ = {isa = PBXFileReference; lastKnownFileType = sourcecode.swift; path = ProgressedPlanetsTCVC.swift; sourceTree = "<group>"; };
		39851F772A93022C00E70FF5 /* ProgressedAspectsTCVC.swift */ = {isa = PBXFileReference; lastKnownFileType = sourcecode.swift; path = ProgressedAspectsTCVC.swift; sourceTree = "<group>"; };
		39851F7B2A93026900E70FF5 /* ProgressedAspectsByHouseTCVC.swift */ = {isa = PBXFileReference; lastKnownFileType = sourcecode.swift; path = ProgressedAspectsByHouseTCVC.swift; sourceTree = "<group>"; };
		39851F7D2A93028D00E70FF5 /* mpProgressedAspectsByHouseTCVC.swift */ = {isa = PBXFileReference; lastKnownFileType = sourcecode.swift; path = mpProgressedAspectsByHouseTCVC.swift; sourceTree = "<group>"; };
		39851F7F2A9302A100E70FF5 /* TransitAspectsByHouseTCVC.swift */ = {isa = PBXFileReference; lastKnownFileType = sourcecode.swift; path = TransitAspectsByHouseTCVC.swift; sourceTree = "<group>"; };
		39851F812A93063600E70FF5 /* mpAspectsTCVC.swift */ = {isa = PBXFileReference; lastKnownFileType = sourcecode.swift; path = mpAspectsTCVC.swift; sourceTree = "<group>"; };
		398580542AA26D2C007A561B /* HarmoniousInfoVC.swift */ = {isa = PBXFileReference; lastKnownFileType = sourcecode.swift; path = HarmoniousInfoVC.swift; sourceTree = "<group>"; };
		398580562AA26D34007A561B /* DiscordInfoVC.swift */ = {isa = PBXFileReference; lastKnownFileType = sourcecode.swift; path = DiscordInfoVC.swift; sourceTree = "<group>"; };
		398580582AA26FC8007A561B /* ImagePicker.swift */ = {isa = PBXFileReference; lastKnownFileType = sourcecode.swift; path = ImagePicker.swift; sourceTree = "<group>"; };
		398832C72AFAE2AB00BCE1A0 /* HoraryVC.swift */ = {isa = PBXFileReference; lastKnownFileType = sourcecode.swift; path = HoraryVC.swift; sourceTree = "<group>"; };
		398ECC2E2A8F025900695354 /* ChartDataModel.xcdatamodel */ = {isa = PBXFileReference; lastKnownFileType = wrapper.xcdatamodel; path = ChartDataModel.xcdatamodel; sourceTree = "<group>"; };
		398ECC302A8F07D300695354 /* MyCharts.swift */ = {isa = PBXFileReference; lastKnownFileType = sourcecode.swift; path = MyCharts.swift; sourceTree = "<group>"; };
		3997F0732A63707F00741E9D /* Sentence.swift */ = {isa = PBXFileReference; lastKnownFileType = sourcecode.swift; path = Sentence.swift; sourceTree = "<group>"; };
		3997F0752A637D4700741E9D /* File.swift */ = {isa = PBXFileReference; lastKnownFileType = sourcecode.swift; path = File.swift; sourceTree = "<group>"; };
		3997F0772A63C6D800741E9D /* 35.swift */ = {isa = PBXFileReference; lastKnownFileType = sourcecode.swift; path = 35.swift; sourceTree = "<group>"; };
		3997F0792A64303F00741E9D /* Progression Sentence.swift */ = {isa = PBXFileReference; lastKnownFileType = sourcecode.swift; path = "Progression Sentence.swift"; sourceTree = "<group>"; };
		3997F07D2A68F7DF00741E9D /* AspectarianView.swift */ = {isa = PBXFileReference; lastKnownFileType = sourcecode.swift; path = AspectarianView.swift; sourceTree = "<group>"; };
		3998A2A82B20ED8A008A57C5 /* VocationTVC.swift */ = {isa = PBXFileReference; lastKnownFileType = sourcecode.swift; path = VocationTVC.swift; sourceTree = "<group>"; };
		3998A2AA2B20EDBA008A57C5 /* VocationalVC.swift */ = {isa = PBXFileReference; lastKnownFileType = sourcecode.swift; path = VocationalVC.swift; sourceTree = "<group>"; };
		3998A2AC2B210861008A57C5 /* HarmonyHouse.swift */ = {isa = PBXFileReference; lastKnownFileType = sourcecode.swift; path = HarmonyHouse.swift; sourceTree = "<group>"; };
		3998A2AE2B210899008A57C5 /* VocationalHouses.swift */ = {isa = PBXFileReference; lastKnownFileType = sourcecode.swift; path = VocationalHouses.swift; sourceTree = "<group>"; };
		399B62962AB75D77006BAC2E /* ImportAAFVC.swift */ = {isa = PBXFileReference; lastKnownFileType = sourcecode.swift; path = ImportAAFVC.swift; sourceTree = "<group>"; };
		399B62982AB75DAC006BAC2E /* Charts3.swift */ = {isa = PBXFileReference; lastKnownFileType = sourcecode.swift; path = Charts3.swift; sourceTree = "<group>"; };
		399B629A2AB7A109006BAC2E /* 23Ancestory.swift */ = {isa = PBXFileReference; lastKnownFileType = sourcecode.swift; path = 23Ancestory.swift; sourceTree = "<group>"; };
		399B629E2AB831B3006BAC2E /* RealmsVC.swift */ = {isa = PBXFileReference; lastKnownFileType = sourcecode.swift; path = RealmsVC.swift; sourceTree = "<group>"; };
		39A0ED0E2B1D7FEE00A6CD39 /* Calendar.swift */ = {isa = PBXFileReference; lastKnownFileType = sourcecode.swift; path = Calendar.swift; sourceTree = "<group>"; };
		39A0ED132B1D931D00A6CD39 /* CalendarCell.swift */ = {isa = PBXFileReference; lastKnownFileType = sourcecode.swift; path = CalendarCell.swift; sourceTree = "<group>"; };
		39A0ED152B1D9B0300A6CD39 /* CalendarHeaderView.swift */ = {isa = PBXFileReference; lastKnownFileType = sourcecode.swift; path = CalendarHeaderView.swift; sourceTree = "<group>"; };
		39A0FBB32B1D26E000FD7A72 /* SunMoonSeasonVC.swift */ = {isa = PBXFileReference; lastKnownFileType = sourcecode.swift; path = SunMoonSeasonVC.swift; sourceTree = "<group>"; };
		39A0FBB82B1D5EEE00FD7A72 /* SunMoonHouse.swift */ = {isa = PBXFileReference; lastKnownFileType = sourcecode.swift; path = SunMoonHouse.swift; sourceTree = "<group>"; };
		39A1EC332A5F6003008D1EC1 /* StrongestPlanetVC.swift */ = {isa = PBXFileReference; lastKnownFileType = sourcecode.swift; path = StrongestPlanetVC.swift; sourceTree = "<group>"; };
		39A1EC352A5F6043008D1EC1 /* MyItemsVC.swift */ = {isa = PBXFileReference; lastKnownFileType = sourcecode.swift; path = MyItemsVC.swift; sourceTree = "<group>"; };
		39A1EC372A5F60DA008D1EC1 /* Today's VC.swift */ = {isa = PBXFileReference; lastKnownFileType = sourcecode.swift; path = "Today's VC.swift"; sourceTree = "<group>"; };
		39A1EC392A5F61AD008D1EC1 /* ChartViewerVC.swift */ = {isa = PBXFileReference; lastKnownFileType = sourcecode.swift; path = ChartViewerVC.swift; sourceTree = "<group>"; };
		39A1EC3E2A5F6DB6008D1EC1 /* NatalPlanetsVC.swift */ = {isa = PBXFileReference; lastKnownFileType = sourcecode.swift; path = NatalPlanetsVC.swift; sourceTree = "<group>"; };
		39A1EC402A5F6E91008D1EC1 /* CustomTableCell.swift */ = {isa = PBXFileReference; lastKnownFileType = sourcecode.swift; path = CustomTableCell.swift; sourceTree = "<group>"; };
		39A1EC422A5F7080008D1EC1 /* TransitPlanetsVC.swift */ = {isa = PBXFileReference; lastKnownFileType = sourcecode.swift; path = TransitPlanetsVC.swift; sourceTree = "<group>"; };
		39A1EC462A5F75CF008D1EC1 /* MyNatalHousesVC.swift */ = {isa = PBXFileReference; lastKnownFileType = sourcecode.swift; path = MyNatalHousesVC.swift; sourceTree = "<group>"; };
		39A1EC4E2A5F76B8008D1EC1 /* MinorsAspectsVC.swift */ = {isa = PBXFileReference; lastKnownFileType = sourcecode.swift; path = MinorsAspectsVC.swift; sourceTree = "<group>"; };
		39A1EC502A5F76E8008D1EC1 /* MinorsPlanetsVC.swift */ = {isa = PBXFileReference; lastKnownFileType = sourcecode.swift; path = MinorsPlanetsVC.swift; sourceTree = "<group>"; };
		39A1EC522A5F773E008D1EC1 /* MPAspectsVC.swift */ = {isa = PBXFileReference; lastKnownFileType = sourcecode.swift; path = MPAspectsVC.swift; sourceTree = "<group>"; };
		39A1EC542A5F798F008D1EC1 /* MajorsBiWheel.swift */ = {isa = PBXFileReference; lastKnownFileType = sourcecode.swift; path = MajorsBiWheel.swift; sourceTree = "<group>"; };
		39A1EC562A5F799E008D1EC1 /* MinorsBiWheel.swift */ = {isa = PBXFileReference; lastKnownFileType = sourcecode.swift; path = MinorsBiWheel.swift; sourceTree = "<group>"; };
		39A1EC582A5F79A8008D1EC1 /* TransitsBiWheel.swift */ = {isa = PBXFileReference; lastKnownFileType = sourcecode.swift; path = TransitsBiWheel.swift; sourceTree = "<group>"; };
		39A1EC5A2A5F7A31008D1EC1 /* Custom Aspects.swift */ = {isa = PBXFileReference; lastKnownFileType = sourcecode.swift; path = "Custom Aspects.swift"; sourceTree = "<group>"; };
		39A1EC5C2A5F7A96008D1EC1 /* NewAspects.swift */ = {isa = PBXFileReference; lastKnownFileType = sourcecode.swift; path = NewAspects.swift; sourceTree = "<group>"; };
		39A1EC5E2A5FA75E008D1EC1 /* 1.swift */ = {isa = PBXFileReference; lastKnownFileType = sourcecode.swift; path = 1.swift; sourceTree = "<group>"; };
		39A1EC602A603D8F008D1EC1 /* Houses Custom.swift */ = {isa = PBXFileReference; lastKnownFileType = sourcecode.swift; path = "Houses Custom.swift"; sourceTree = "<group>"; };
		39A1EC622A605743008D1EC1 /* signs.swift */ = {isa = PBXFileReference; lastKnownFileType = sourcecode.swift; path = signs.swift; sourceTree = "<group>"; };
		39A1EC642A60EBC0008D1EC1 /* 34.swift */ = {isa = PBXFileReference; lastKnownFileType = sourcecode.swift; path = 34.swift; sourceTree = "<group>"; };
		39A1EC662A60F744008D1EC1 /* InfoVC.swift */ = {isa = PBXFileReference; lastKnownFileType = sourcecode.swift; path = InfoVC.swift; sourceTree = "<group>"; };
		39A1EC6A2A610480008D1EC1 /* Dignity.swift */ = {isa = PBXFileReference; lastKnownFileType = sourcecode.swift; path = Dignity.swift; sourceTree = "<group>"; };
		39A1EC6C2A611BFD008D1EC1 /* graph info.swift */ = {isa = PBXFileReference; lastKnownFileType = sourcecode.swift; path = "graph info.swift"; sourceTree = "<group>"; };
		39B8384F2AABC8670039AD91 /* NestedProgressedAspects.swift */ = {isa = PBXFileReference; lastKnownFileType = sourcecode.swift; path = NestedProgressedAspects.swift; sourceTree = "<group>"; };
		39BF3DA12B01D69A006FD001 /* pp.swift */ = {isa = PBXFileReference; lastKnownFileType = sourcecode.swift; path = pp.swift; sourceTree = "<group>"; };
		39C5A5812B03308D007881CC /* SimpleInterAspectsFlipped.swift */ = {isa = PBXFileReference; lastKnownFileType = sourcecode.swift; path = SimpleInterAspectsFlipped.swift; sourceTree = "<group>"; };
		39C861742AFC00C4007D38A0 /* NameVC.swift */ = {isa = PBXFileReference; lastKnownFileType = sourcecode.swift; path = NameVC.swift; sourceTree = "<group>"; };
		39C861762AFC79A7007D38A0 /* CompositStrongestPlanet.swift */ = {isa = PBXFileReference; lastKnownFileType = sourcecode.swift; path = CompositStrongestPlanet.swift; sourceTree = "<group>"; };
		39C861782AFCAF5F007D38A0 /* MyCompositeItemsVC.swift */ = {isa = PBXFileReference; lastKnownFileType = sourcecode.swift; path = MyCompositeItemsVC.swift; sourceTree = "<group>"; };
		39C8617A2AFCB147007D38A0 /* CompositeChartsVC.swift */ = {isa = PBXFileReference; lastKnownFileType = sourcecode.swift; path = CompositeChartsVC.swift; sourceTree = "<group>"; };
		39CFBE7A2B096A8900BCBC4E /* ElementsVC.swift */ = {isa = PBXFileReference; lastKnownFileType = sourcecode.swift; path = ElementsVC.swift; sourceTree = "<group>"; };
		39CFBE7C2B096A9000BCBC4E /* ModesVC.swift */ = {isa = PBXFileReference; lastKnownFileType = sourcecode.swift; path = ModesVC.swift; sourceTree = "<group>"; };
		39CFBE7E2B096A9900BCBC4E /* EmanationsVC.swift */ = {isa = PBXFileReference; lastKnownFileType = sourcecode.swift; path = EmanationsVC.swift; sourceTree = "<group>"; };
		39CFBE802B096AA600BCBC4E /* TrinitiesVC.swift */ = {isa = PBXFileReference; lastKnownFileType = sourcecode.swift; path = TrinitiesVC.swift; sourceTree = "<group>"; };
		39CFBE822B096AAD00BCBC4E /* DomainsVC.swift */ = {isa = PBXFileReference; lastKnownFileType = sourcecode.swift; path = DomainsVC.swift; sourceTree = "<group>"; };
		39CFBE842B096AEF00BCBC4E /* PieChartsTBC.swift */ = {isa = PBXFileReference; lastKnownFileType = sourcecode.swift; path = PieChartsTBC.swift; sourceTree = "<group>"; };
		39CFBE862B09CD5600BCBC4E /* Harmony Discord BarView.swift */ = {isa = PBXFileReference; lastKnownFileType = sourcecode.swift; path = "Harmony Discord BarView.swift"; sourceTree = "<group>"; };
		39CFBE882B0A6CF000BCBC4E /* Progressions DATA.swift */ = {isa = PBXFileReference; lastKnownFileType = sourcecode.swift; path = "Progressions DATA.swift"; sourceTree = "<group>"; };
		39CFBE8A2B0AFCC300BCBC4E /* ContentData.swift */ = {isa = PBXFileReference; lastKnownFileType = sourcecode.swift; path = ContentData.swift; sourceTree = "<group>"; };
		39E113ED2A8ABE80006EA576 /* AspectByHouses.swift */ = {isa = PBXFileReference; lastKnownFileType = sourcecode.swift; path = AspectByHouses.swift; sourceTree = "<group>"; };
		39E113EF2A8AC18E006EA576 /* ProgressedAspectsByHouses.swift */ = {isa = PBXFileReference; lastKnownFileType = sourcecode.swift; path = ProgressedAspectsByHouses.swift; sourceTree = "<group>"; };
		39E113F12A8AC1C9006EA576 /* minorProgressedAsepctsByHousesVC.swift */ = {isa = PBXFileReference; lastKnownFileType = sourcecode.swift; path = minorProgressedAsepctsByHousesVC.swift; sourceTree = "<group>"; };
		39E113F32A8AC220006EA576 /* TransitAspectsByHouses.swift */ = {isa = PBXFileReference; lastKnownFileType = sourcecode.swift; path = TransitAspectsByHouses.swift; sourceTree = "<group>"; };
		39E168632A96D8150003892B /* NatalAspectsSimple.swift */ = {isa = PBXFileReference; lastKnownFileType = sourcecode.swift; path = NatalAspectsSimple.swift; sourceTree = "<group>"; };
		39E168652A972D3C0003892B /* SimpleAspectsByHouse.swift */ = {isa = PBXFileReference; lastKnownFileType = sourcecode.swift; path = SimpleAspectsByHouse.swift; sourceTree = "<group>"; };
		39E168672A972F0E0003892B /* SimpleProgressedAspectsByHouse.swift */ = {isa = PBXFileReference; lastKnownFileType = sourcecode.swift; path = SimpleProgressedAspectsByHouse.swift; sourceTree = "<group>"; };
		39E168692A9730290003892B /* SimpleMinorProgressedAspectsByHouse.swift */ = {isa = PBXFileReference; lastKnownFileType = sourcecode.swift; path = SimpleMinorProgressedAspectsByHouse.swift; sourceTree = "<group>"; };
		39E1686B2A97314B0003892B /* SimpleTransitAspectsByHouse.swift */ = {isa = PBXFileReference; lastKnownFileType = sourcecode.swift; path = SimpleTransitAspectsByHouse.swift; sourceTree = "<group>"; };
		39E168702A996FB90003892B /* TransposedHousesVC.swift */ = {isa = PBXFileReference; lastKnownFileType = sourcecode.swift; path = TransposedHousesVC.swift; sourceTree = "<group>"; };
		39E168742A9A154C0003892B /* AboutDecanatesVC.swift */ = {isa = PBXFileReference; lastKnownFileType = sourcecode.swift; path = AboutDecanatesVC.swift; sourceTree = "<group>"; };
		39E1687A2A9C8EA70003892B /* SolarArcViewController.swift */ = {isa = PBXFileReference; lastKnownFileType = sourcecode.swift; path = SolarArcViewController.swift; sourceTree = "<group>"; };
		39E1D0262AFAAC5000E56EC5 /* WeatherVC.swift */ = {isa = PBXFileReference; lastKnownFileType = sourcecode.swift; path = WeatherVC.swift; sourceTree = "<group>"; };
/* End PBXFileReference section */

/* Begin PBXFrameworksBuildPhase section */
		3903A3342A5F2D0700245DD2 /* Frameworks */ = {
			isa = PBXFrameworksBuildPhase;
			buildActionMask = 2147483647;
			files = (
				39A0FBB72B1D29B400FD7A72 /* SwiftEphemeris in Frameworks */,
				39A0ED122B1D8EF100A6CD39 /* FSCalendar in Frameworks */,
				3982258C2AE6C43E0058C86D /* SystemConfiguration.framework in Frameworks */,
				3982258B2AE6C3E00058C86D /* CoreTelephony.framework in Frameworks */,
				3982258A2AE6C3880058C86D /* Accessibility.framework in Frameworks */,
				39A1EC3D2A5F61D8008D1EC1 /* DGCharts in Frameworks */,
			);
			runOnlyForDeploymentPostprocessing = 0;
		};
/* End PBXFrameworksBuildPhase section */

/* Begin PBXGroup section */
		3903A32E2A5F2D0700245DD2 = {
			isa = PBXGroup;
			children = (
				3903A3392A5F2D0700245DD2 /* AstroLogic */,
				3903A3382A5F2D0700245DD2 /* Products */,
				393B32A12AE64E7B00E538EB /* Frameworks */,
			);
			sourceTree = "<group>";
		};
		3903A3382A5F2D0700245DD2 /* Products */ = {
			isa = PBXGroup;
			children = (
				3903A3372A5F2D0700245DD2 /* AstroLogic.app */,
			);
			name = Products;
			sourceTree = "<group>";
		};
		3903A3392A5F2D0700245DD2 /* AstroLogic */ = {
			isa = PBXGroup;
			children = (
				395EF8802AF8E99900ABADE4 /* AstroLogic.entitlements */,
				3903A33A2A5F2D0700245DD2 /* AppDelegate.swift */,
				3903A33C2A5F2D0700245DD2 /* SceneDelegate.swift */,
				3903A33E2A5F2D0700245DD2 /* ViewController.swift */,
				39A1EC352A5F6043008D1EC1 /* MyItemsVC.swift */,
				3912BD6E2AF88EE300C9A623 /* Suggestions.swift */,
				39E1D0262AFAAC5000E56EC5 /* WeatherVC.swift */,
				39C861742AFC00C4007D38A0 /* NameVC.swift */,
				398832C72AFAE2AB00BCE1A0 /* HoraryVC.swift */,
				396F3A0B2AF15BE300FF0CAA /* MoonVC.swift */,
				3926EC532AF165E100606886 /* SunVC.swift */,
				39A0FBB32B1D26E000FD7A72 /* SunMoonSeasonVC.swift */,
				39A0FBB82B1D5EEE00FD7A72 /* SunMoonHouse.swift */,
				39A0ED0E2B1D7FEE00A6CD39 /* Calendar.swift */,
				39A0ED132B1D931D00A6CD39 /* CalendarCell.swift */,
				39A0ED152B1D9B0300A6CD39 /* CalendarHeaderView.swift */,
				3998A2A82B20ED8A008A57C5 /* VocationTVC.swift */,
				3998A2AA2B20EDBA008A57C5 /* VocationalVC.swift */,
				3998A2AC2B210861008A57C5 /* HarmonyHouse.swift */,
				3998A2AE2B210899008A57C5 /* VocationalHouses.swift */,
				39BF3DA12B01D69A006FD001 /* pp.swift */,
				3982258D2AE6C6340058C86D /* MoonPhaseVC.swift */,
				393969502AF1CCD20011ACF1 /* CurrentMoonPhaseVC.swift */,
				393969522AF208910011ACF1 /* ProgressedMoonPhase.swift */,
				393DDD642ADC98E900522012 /* CycleChartTV.swift */,
				395DE5102A95E2DA00B0B451 /* AddNewRelationshipVC.swift */,
				3955A6692A909C2E00DE2051 /* ChartTableCell.swift */,
				398ECC302A8F07D300695354 /* MyCharts.swift */,
				393DDD602ADC90DB00522012 /* hh.swift */,
				396989D42AC24543007EA008 /* EditChartVC.swift */,
				399B62962AB75D77006BAC2E /* ImportAAFVC.swift */,
				399B62982AB75DAC006BAC2E /* Charts3.swift */,
				392434512ABA7C8E00584E26 /* TabBarController.swift */,
				396989D22ABDF751007EA008 /* NatalTabBarController.swift */,
				3924345D2ABB431F00584E26 /* ProgresionsAspectsBartTabController.swift */,
				3924345F2ABB432D00584E26 /* ProgresionsPlanetsBartTabController.swift */,
				392434612ABB433E00584E26 /* ProgresionsAspectsByHouseBarTabController.swift */,
				392434592ABA813600584E26 /* CountDownVC.swift */,
				392434532ABA7CBC00584E26 /* RechargeVC.swift */,
				393E1BBD2AC9E4DB0068779B /* SimpleInterAspectsVC.swift */,
				39C5A5812B03308D007881CC /* SimpleInterAspectsFlipped.swift */,
				392434552ABA7CDE00584E26 /* ActionSteps.swift */,
				392434572ABA7D0600584E26 /* MonthActionPlanVC.swift */,
				398ECC2D2A8F025900695354 /* ChartDataModel.xcdatamodeld */,
				39A1EC392A5F61AD008D1EC1 /* ChartViewerVC.swift */,
				39CFBE862B09CD5600BCBC4E /* Harmony Discord BarView.swift */,
				39CFBE842B096AEF00BCBC4E /* PieChartsTBC.swift */,
				39CFBE7A2B096A8900BCBC4E /* ElementsVC.swift */,
				39CFBE7C2B096A9000BCBC4E /* ModesVC.swift */,
				39CFBE7E2B096A9900BCBC4E /* EmanationsVC.swift */,
				39CFBE802B096AA600BCBC4E /* TrinitiesVC.swift */,
				39CFBE822B096AAD00BCBC4E /* DomainsVC.swift */,
				39C8617A2AFCB147007D38A0 /* CompositeChartsVC.swift */,
				399B629E2AB831B3006BAC2E /* RealmsVC.swift */,
				396A7B302AB4A34100E304D6 /* ChartView Extension.swift */,
				395E2BA12AAB8DA4003A8439 /* newtv.swift */,
				39A1EC332A5F6003008D1EC1 /* StrongestPlanetVC.swift */,
				39C861762AFC79A7007D38A0 /* CompositStrongestPlanet.swift */,
				3916F33B2AA777FF00DEABEB /* NatalHousesCustomCell.swift */,
				39A1EC3E2A5F6DB6008D1EC1 /* NatalPlanetsVC.swift */,
				398580582AA26FC8007A561B /* ImagePicker.swift */,
				394FA60C2AA48AE9000CD87B /* planetInfoDictionary.swift */,
				395DE5062A95AD1100B0B451 /* Planet Info.swift */,
				39655E3D2AA8C3B2008033AB /* Cells.swift */,
				393DDD622ADC96E400522012 /* CycleChartsVC.swift */,
				398580542AA26D2C007A561B /* HarmoniousInfoVC.swift */,
				398580562AA26D34007A561B /* DiscordInfoVC.swift */,
				39655E3B2AA8BF09008033AB /* progresionsMatrixVC.swift */,
				39CFBE882B0A6CF000BCBC4E /* Progressions DATA.swift */,
				393DDD532AD71A9E00522012 /* ArchetypeBreakdownVC.swift */,
				395C0B492AAC298400A28A60 /* transitMatrix.swift */,
				394FA1982AABAA45002BC0A5 /* minorProgressedMatrixVC.swift */,
				394FA19A2AABAA50002BC0A5 /* transitMatrixVC.swift */,
				395DE5162A96796A00B0B451 /* OtherStrongestPlanetVC.swift */,
				39C861782AFCAF5F007D38A0 /* MyCompositeItemsVC.swift */,
				39E1687A2A9C8EA70003892B /* SolarArcViewController.swift */,
				395DE5122A95E4BE00B0B451 /* RelationshipItemsVC.swift */,
				395DE5142A95E75300B0B451 /* OthersPlanetsVC.swift */,
				396CDCBC2A7471A200EDCECC /* PlanetDegreeVC.swift */,
				396CDCBE2A7471D400EDCECC /* PlanetDegreeCell.swift */,
				396CDCB82A74712100EDCECC /* DecanatesVC.swift */,
				392D97B92AB2CF2F0086BEA1 /* DecanatesViewVC.swift */,
				39E168742A9A154C0003892B /* AboutDecanatesVC.swift */,
				396CDCBA2A74716A00EDCECC /* CustomDecansTable.swift */,
				399B629A2AB7A109006BAC2E /* 23Ancestory.swift */,
				3955A6652A90963D00DE2051 /* NatalAspectsVC.swift */,
				39A1EC462A5F75CF008D1EC1 /* MyNatalHousesVC.swift */,
				396989D62AC2841F007EA008 /* househol;der.swift */,
				39A1EC422A5F7080008D1EC1 /* TransitPlanetsVC.swift */,
				393DDD662ADCBFC400522012 /* CycleTransitVC.swift */,
				395DE5042A954A4B00B0B451 /* TransitAspectsVC.swift */,
				39A1EC502A5F76E8008D1EC1 /* MinorsPlanetsVC.swift */,
				39A1EC4E2A5F76B8008D1EC1 /* MinorsAspectsVC.swift */,
				39A1EC522A5F773E008D1EC1 /* MPAspectsVC.swift */,
				3939694A2AF096A90011ACF1 /* SAAspectsVC.swift */,
				39B8384F2AABC8670039AD91 /* NestedProgressedAspects.swift */,
				398225802AE652330058C86D /* MPPlanetsVC.swift */,
				3939694C2AF096D10011ACF1 /* SAPlanetsVC.swift */,
				395DE5242A96E8DD00B0B451 /* SimpleTransitAspects.swift */,
				39E168632A96D8150003892B /* NatalAspectsSimple.swift */,
				395DE51A2A967E5000B0B451 /* SynastryChartVC.swift */,
				395DE51C2A967F1600B0B451 /* FlipSynastryVC.swift */,
				395DE5222A969F1F00B0B451 /* CompositePlanetsVC.swift */,
				395DE51E2A967FBE00B0B451 /* SynastryFlipBiWheel.swift */,
				395DE5282A96EDB700B0B451 /* SimpleMajorAspectsVC.swift */,
				395DE5262A96EA4600B0B451 /* SimpleMinorAspectsVC.swift */,
				39E168702A996FB90003892B /* TransposedHousesVC.swift */,
				395DE5082A95DC7A00B0B451 /* RelationshipPlanetsVC.swift */,
				395DE50C2A95E0EF00B0B451 /* RelationshipsVC.swift */,
				395DE50E2A95E29600B0B451 /* AddRelationship.swift */,
				395DE50A2A95DE8B00B0B451 /* RelationshipBiWHeel.swift */,
				39A1EC6A2A610480008D1EC1 /* Dignity.swift */,
				39A1EC5C2A5F7A96008D1EC1 /* NewAspects.swift */,
				39851F6B2A93017800E70FF5 /* TransitPlanetsTCVC.swift */,
				396F3A072AF09C6B00FF0CAA /* SAPlanetsTCVC.swift */,
				39851F6D2A93019E00E70FF5 /* TransitAspectsTCVC.swift */,
				396F3A092AF09CBE00FF0CAA /* SAAspectsTCVC.swift */,
				39851F732A93020A00E70FF5 /* mpPlanetsTCVC.swift */,
				39851F812A93063600E70FF5 /* mpAspectsTCVC.swift */,
				39851F752A93021C00E70FF5 /* ProgressedPlanetsTCVC.swift */,
				39851F772A93022C00E70FF5 /* ProgressedAspectsTCVC.swift */,
				39851F7B2A93026900E70FF5 /* ProgressedAspectsByHouseTCVC.swift */,
				39851F7D2A93028D00E70FF5 /* mpProgressedAspectsByHouseTCVC.swift */,
				39851F7F2A9302A100E70FF5 /* TransitAspectsByHouseTCVC.swift */,
				3997F0752A637D4700741E9D /* File.swift */,
				3997F0732A63707F00741E9D /* Sentence.swift */,
				39A1EC5A2A5F7A31008D1EC1 /* Custom Aspects.swift */,
				39A1EC662A60F744008D1EC1 /* InfoVC.swift */,
				39A1EC372A5F60DA008D1EC1 /* Today's VC.swift */,
				39A1EC642A60EBC0008D1EC1 /* 34.swift */,
				3997F0772A63C6D800741E9D /* 35.swift */,
				3903A37B2A5F305100245DD2 /* GeoCode.swift */,
				39E113ED2A8ABE80006EA576 /* AspectByHouses.swift */,
				39E168652A972D3C0003892B /* SimpleAspectsByHouse.swift */,
				39E113EF2A8AC18E006EA576 /* ProgressedAspectsByHouses.swift */,
				39E168672A972F0E0003892B /* SimpleProgressedAspectsByHouse.swift */,
				39E113F12A8AC1C9006EA576 /* minorProgressedAsepctsByHousesVC.swift */,
				39E168692A9730290003892B /* SimpleMinorProgressedAspectsByHouse.swift */,
				39E113F32A8AC220006EA576 /* TransitAspectsByHouses.swift */,
				39E1686B2A97314B0003892B /* SimpleTransitAspectsByHouse.swift */,
				3903A3772A5F2F3200245DD2 /* AboutVC.swift */,
				3997F07D2A68F7DF00741E9D /* AspectarianView.swift */,
				3903A3752A5F2E8400245DD2 /* BirthChartView.swift */,
				395DE5202A969E8100B0B451 /* CompositeChart.swift */,
				39A1EC542A5F798F008D1EC1 /* MajorsBiWheel.swift */,
				3939694E2AF097510011ACF1 /* SABiWHeel.swift */,
				39A1EC582A5F79A8008D1EC1 /* TransitsBiWheel.swift */,
				39A1EC562A5F799E008D1EC1 /* MinorsBiWheel.swift */,
				395DE5182A967C5900B0B451 /* SynastryBiwheel.swift */,
				39A1EC6C2A611BFD008D1EC1 /* graph info.swift */,
				39A1EC5E2A5FA75E008D1EC1 /* 1.swift */,
				39A1EC622A605743008D1EC1 /* signs.swift */,
				39A1EC402A5F6E91008D1EC1 /* CustomTableCell.swift */,
				393DDD552AD728A300522012 /* MyContentCell.swift */,
				396989D02ABDF385007EA008 /* CustomNatalPlanetsCell.swift */,
				39A1EC602A603D8F008D1EC1 /* Houses Custom.swift */,
				393969482AF066E80011ACF1 /* Houses Custom2.swift */,
				3997F0792A64303F00741E9D /* Progression Sentence.swift */,
				396CD65F2A9CF48D002C2528 /* FlipTransposedHousesViewController.swift */,
				39CFBE8A2B0AFCC300BCBC4E /* ContentData.swift */,
				3903A3402A5F2D0700245DD2 /* Main.storyboard */,
				3903A3462A5F2D0900245DD2 /* Assets.xcassets */,
				3903A3482A5F2D0900245DD2 /* LaunchScreen.storyboard */,
				3903A34B2A5F2D0900245DD2 /* Info.plist */,
				3903A3432A5F2D0700245DD2 /* AstroLogic.xcdatamodeld */,
			);
			path = AstroLogic;
			sourceTree = "<group>";
		};
		393B32A12AE64E7B00E538EB /* Frameworks */ = {
			isa = PBXGroup;
			children = (
				398225892AE6C3880058C86D /* Accessibility.framework */,
				393B32A42AE64F0E00E538EB /* SystemConfiguration.framework */,
				393B32A22AE64E7B00E538EB /* CoreTelephony.framework */,
			);
			name = Frameworks;
			sourceTree = "<group>";
		};
/* End PBXGroup section */

/* Begin PBXNativeTarget section */
		3903A3362A5F2D0700245DD2 /* AstroLogic */ = {
			isa = PBXNativeTarget;
			buildConfigurationList = 3903A3642A5F2D0900245DD2 /* Build configuration list for PBXNativeTarget "AstroLogic" */;
			buildPhases = (
				3903A3332A5F2D0700245DD2 /* Sources */,
				3903A3342A5F2D0700245DD2 /* Frameworks */,
				3903A3352A5F2D0700245DD2 /* Resources */,
			);
			buildRules = (
			);
			dependencies = (
			);
			name = AstroLogic;
			packageProductDependencies = (
				39A1EC3C2A5F61D8008D1EC1 /* DGCharts */,
				39A0FBB62B1D29B400FD7A72 /* SwiftEphemeris */,
				39A0ED112B1D8EF100A6CD39 /* FSCalendar */,
			);
			productName = AstroLogic;
			productReference = 3903A3372A5F2D0700245DD2 /* AstroLogic.app */;
			productType = "com.apple.product-type.application";
		};
/* End PBXNativeTarget section */

/* Begin PBXProject section */
		3903A32F2A5F2D0700245DD2 /* Project object */ = {
			isa = PBXProject;
			attributes = {
				BuildIndependentTargetsInParallel = 1;
				LastSwiftUpdateCheck = 1430;
				LastUpgradeCheck = 1430;
				TargetAttributes = {
					3903A3362A5F2D0700245DD2 = {
						CreatedOnToolsVersion = 14.3.1;
					};
				};
			};
			buildConfigurationList = 3903A3322A5F2D0700245DD2 /* Build configuration list for PBXProject "AstroLogic" */;
			compatibilityVersion = "Xcode 14.0";
			developmentRegion = en;
			hasScannedForEncodings = 0;
			knownRegions = (
				en,
				Base,
			);
			mainGroup = 3903A32E2A5F2D0700245DD2;
			packageReferences = (
				39A1EC3B2A5F61D8008D1EC1 /* XCRemoteSwiftPackageReference "Charts" */,
				39A0FBB52B1D29B400FD7A72 /* XCRemoteSwiftPackageReference "SwiftEphemeris" */,
				39A0ED102B1D8EF100A6CD39 /* XCRemoteSwiftPackageReference "FSCalendar" */,
			);
			productRefGroup = 3903A3382A5F2D0700245DD2 /* Products */;
			projectDirPath = "";
			projectRoot = "";
			targets = (
				3903A3362A5F2D0700245DD2 /* AstroLogic */,
			);
		};
/* End PBXProject section */

/* Begin PBXResourcesBuildPhase section */
		3903A3352A5F2D0700245DD2 /* Resources */ = {
			isa = PBXResourcesBuildPhase;
			buildActionMask = 2147483647;
			files = (
				3903A34A2A5F2D0900245DD2 /* LaunchScreen.storyboard in Resources */,
				3903A3472A5F2D0900245DD2 /* Assets.xcassets in Resources */,
				3903A3422A5F2D0700245DD2 /* Main.storyboard in Resources */,
			);
			runOnlyForDeploymentPostprocessing = 0;
		};
/* End PBXResourcesBuildPhase section */

/* Begin PBXSourcesBuildPhase section */
		3903A3332A5F2D0700245DD2 /* Sources */ = {
			isa = PBXSourcesBuildPhase;
			buildActionMask = 2147483647;
			files = (
				39CFBE832B096AAD00BCBC4E /* DomainsVC.swift in Sources */,
				395DE5272A96EA4600B0B451 /* SimpleMinorAspectsVC.swift in Sources */,
				392434522ABA7C8E00584E26 /* TabBarController.swift in Sources */,
				396CDCBF2A7471D400EDCECC /* PlanetDegreeCell.swift in Sources */,
				3955A6662A90963D00DE2051 /* NatalAspectsVC.swift in Sources */,
				394FA60D2AA48AE9000CD87B /* planetInfoDictionary.swift in Sources */,
				39A1EC5D2A5F7A96008D1EC1 /* NewAspects.swift in Sources */,
				393DDD612ADC90DB00522012 /* hh.swift in Sources */,
				3997F07A2A64303F00741E9D /* Progression Sentence.swift in Sources */,
				39E1687B2A9C8EA70003892B /* SolarArcViewController.swift in Sources */,
				396F3A082AF09C6B00FF0CAA /* SAPlanetsTCVC.swift in Sources */,
				39E113EE2A8ABE80006EA576 /* AspectByHouses.swift in Sources */,
				39A1EC342A5F6003008D1EC1 /* StrongestPlanetVC.swift in Sources */,
				39A1EC5B2A5F7A31008D1EC1 /* Custom Aspects.swift in Sources */,
				3939694D2AF096D10011ACF1 /* SAPlanetsVC.swift in Sources */,
				39655E3C2AA8BF09008033AB /* progresionsMatrixVC.swift in Sources */,
				396CDCBD2A7471A200EDCECC /* PlanetDegreeVC.swift in Sources */,
				39A1EC3A2A5F61AD008D1EC1 /* ChartViewerVC.swift in Sources */,
				3982258E2AE6C6340058C86D /* MoonPhaseVC.swift in Sources */,
				39E168752A9A154C0003892B /* AboutDecanatesVC.swift in Sources */,
				39A1EC552A5F798F008D1EC1 /* MajorsBiWheel.swift in Sources */,
				395DE5112A95E2DA00B0B451 /* AddNewRelationshipVC.swift in Sources */,
				395DE5132A95E4BE00B0B451 /* RelationshipItemsVC.swift in Sources */,
				39A1EC412A5F6E91008D1EC1 /* CustomTableCell.swift in Sources */,
				396989D72AC2841F007EA008 /* househol;der.swift in Sources */,
				39851F762A93021C00E70FF5 /* ProgressedPlanetsTCVC.swift in Sources */,
				39C861772AFC79A7007D38A0 /* CompositStrongestPlanet.swift in Sources */,
				395E2BA22AAB8DA4003A8439 /* newtv.swift in Sources */,
				39A1EC632A605743008D1EC1 /* signs.swift in Sources */,
				395DE51D2A967F1600B0B451 /* FlipSynastryVC.swift in Sources */,
				39E168642A96D8150003892B /* NatalAspectsSimple.swift in Sources */,
				39A1EC6D2A611BFD008D1EC1 /* graph info.swift in Sources */,
				39851F6E2A93019E00E70FF5 /* TransitAspectsTCVC.swift in Sources */,
				39A1EC652A60EBC0008D1EC1 /* 34.swift in Sources */,
				3997F0742A63707F00741E9D /* Sentence.swift in Sources */,
				3997F0762A637D4700741E9D /* File.swift in Sources */,
				39C8617B2AFCB147007D38A0 /* CompositeChartsVC.swift in Sources */,
				395DE5152A95E75300B0B451 /* OthersPlanetsVC.swift in Sources */,
				396F3A0C2AF15BE300FF0CAA /* MoonVC.swift in Sources */,
				398580592AA26FC8007A561B /* ImagePicker.swift in Sources */,
				392434602ABB432D00584E26 /* ProgresionsPlanetsBartTabController.swift in Sources */,
				39CFBE852B096AEF00BCBC4E /* PieChartsTBC.swift in Sources */,
				3926EC542AF165E100606886 /* SunVC.swift in Sources */,
				39CFBE7D2B096A9000BCBC4E /* ModesVC.swift in Sources */,
				393969492AF066E80011ACF1 /* Houses Custom2.swift in Sources */,
				396A7B312AB4A34100E304D6 /* ChartView Extension.swift in Sources */,
				3912BD6F2AF88EE300C9A623 /* Suggestions.swift in Sources */,
				39A1EC612A603D8F008D1EC1 /* Houses Custom.swift in Sources */,
				39E168712A996FB90003892B /* TransposedHousesVC.swift in Sources */,
				399B629F2AB831B3006BAC2E /* RealmsVC.swift in Sources */,
				3903A33F2A5F2D0700245DD2 /* ViewController.swift in Sources */,
				39655E3E2AA8C3B2008033AB /* Cells.swift in Sources */,
				39C5A5822B03308D007881CC /* SimpleInterAspectsFlipped.swift in Sources */,
				3924345A2ABA813600584E26 /* CountDownVC.swift in Sources */,
				3903A3762A5F2E8400245DD2 /* BirthChartView.swift in Sources */,
				39A0ED0F2B1D7FEE00A6CD39 /* Calendar.swift in Sources */,
				3998A2AF2B210899008A57C5 /* VocationalHouses.swift in Sources */,
				3998A2AD2B210861008A57C5 /* HarmonyHouse.swift in Sources */,
				39E1D0272AFAAC5000E56EC5 /* WeatherVC.swift in Sources */,
				39A1EC572A5F799E008D1EC1 /* MinorsBiWheel.swift in Sources */,
				393DDD632ADC96E400522012 /* CycleChartsVC.swift in Sources */,
				3924345E2ABB431F00584E26 /* ProgresionsAspectsBartTabController.swift in Sources */,
				3916F33C2AA777FF00DEABEB /* NatalHousesCustomCell.swift in Sources */,
				39A0ED162B1D9B0300A6CD39 /* CalendarHeaderView.swift in Sources */,
				3955A66A2A909C2E00DE2051 /* ChartTableCell.swift in Sources */,
				393969512AF1CCD20011ACF1 /* CurrentMoonPhaseVC.swift in Sources */,
				39A1EC6B2A610480008D1EC1 /* Dignity.swift in Sources */,
				3997F0782A63C6D800741E9D /* 35.swift in Sources */,
				398ECC2F2A8F025900695354 /* ChartDataModel.xcdatamodeld in Sources */,
				396CDCBB2A74716A00EDCECC /* CustomDecansTable.swift in Sources */,
				39851F742A93020A00E70FF5 /* mpPlanetsTCVC.swift in Sources */,
				395DE5052A954A4B00B0B451 /* TransitAspectsVC.swift in Sources */,
				39A0ED142B1D931D00A6CD39 /* CalendarCell.swift in Sources */,
				395DE5232A969F1F00B0B451 /* CompositePlanetsVC.swift in Sources */,
				39A1EC592A5F79A8008D1EC1 /* TransitsBiWheel.swift in Sources */,
				396989D32ABDF751007EA008 /* NatalTabBarController.swift in Sources */,
				392434542ABA7CBC00584E26 /* RechargeVC.swift in Sources */,
				396CD6602A9CF48D002C2528 /* FlipTransposedHousesViewController.swift in Sources */,
				395DE50B2A95DE8B00B0B451 /* RelationshipBiWHeel.swift in Sources */,
				39CFBE8B2B0AFCC300BCBC4E /* ContentData.swift in Sources */,
				395DE5092A95DC7A00B0B451 /* RelationshipPlanetsVC.swift in Sources */,
				399B629B2AB7A109006BAC2E /* 23Ancestory.swift in Sources */,
				39E168682A972F0E0003892B /* SimpleProgressedAspectsByHouse.swift in Sources */,
				39851F822A93063600E70FF5 /* mpAspectsTCVC.swift in Sources */,
				39851F7E2A93028D00E70FF5 /* mpProgressedAspectsByHouseTCVC.swift in Sources */,
				393969532AF208910011ACF1 /* ProgressedMoonPhase.swift in Sources */,
				39A1EC672A60F744008D1EC1 /* InfoVC.swift in Sources */,
				39E1686A2A9730290003892B /* SimpleMinorProgressedAspectsByHouse.swift in Sources */,
				393E1BBE2AC9E4DB0068779B /* SimpleInterAspectsVC.swift in Sources */,
				395DE5252A96E8DD00B0B451 /* SimpleTransitAspects.swift in Sources */,
				392434582ABA7D0600584E26 /* MonthActionPlanVC.swift in Sources */,
				398832C82AFAE2AB00BCE1A0 /* HoraryVC.swift in Sources */,
				3903A3782A5F2F3200245DD2 /* AboutVC.swift in Sources */,
				39851F802A9302A100E70FF5 /* TransitAspectsByHouseTCVC.swift in Sources */,
				39A1EC5F2A5FA75E008D1EC1 /* 1.swift in Sources */,
				3939694F2AF097510011ACF1 /* SABiWHeel.swift in Sources */,
				39A1EC532A5F773E008D1EC1 /* MPAspectsVC.swift in Sources */,
				39C861752AFC00C4007D38A0 /* NameVC.swift in Sources */,
				39E113F42A8AC220006EA576 /* TransitAspectsByHouses.swift in Sources */,
				39A1EC512A5F76E8008D1EC1 /* MinorsPlanetsVC.swift in Sources */,
				39A1EC4F2A5F76B8008D1EC1 /* MinorsAspectsVC.swift in Sources */,
				39A1EC472A5F75CF008D1EC1 /* MyNatalHousesVC.swift in Sources */,
				3903A37C2A5F305100245DD2 /* GeoCode.swift in Sources */,
				395DE50D2A95E0EF00B0B451 /* RelationshipsVC.swift in Sources */,
				39BF3DA22B01D69A006FD001 /* pp.swift in Sources */,
				395C0B4A2AAC298400A28A60 /* transitMatrix.swift in Sources */,
				39E1686C2A97314B0003892B /* SimpleTransitAspectsByHouse.swift in Sources */,
				394FA19B2AABAA50002BC0A5 /* transitMatrixVC.swift in Sources */,
				395DE5212A969E8100B0B451 /* CompositeChart.swift in Sources */,
				395DE5072A95AD1100B0B451 /* Planet Info.swift in Sources */,
				39E113F22A8AC1C9006EA576 /* minorProgressedAsepctsByHousesVC.swift in Sources */,
				39851F782A93022C00E70FF5 /* ProgressedAspectsTCVC.swift in Sources */,
				393DDD672ADCBFC400522012 /* CycleTransitVC.swift in Sources */,
				395DE50F2A95E29600B0B451 /* AddRelationship.swift in Sources */,
				398580572AA26D34007A561B /* DiscordInfoVC.swift in Sources */,
				39E168662A972D3D0003892B /* SimpleAspectsByHouse.swift in Sources */,
				39CFBE7F2B096A9900BCBC4E /* EmanationsVC.swift in Sources */,
				396F3A0A2AF09CBE00FF0CAA /* SAAspectsTCVC.swift in Sources */,
				395DE5192A967C5900B0B451 /* SynastryBiwheel.swift in Sources */,
				396989D52AC24543007EA008 /* EditChartVC.swift in Sources */,
				39CFBE812B096AA600BCBC4E /* TrinitiesVC.swift in Sources */,
				392434622ABB433E00584E26 /* ProgresionsAspectsByHouseBarTabController.swift in Sources */,
				3998A2A92B20ED8A008A57C5 /* VocationTVC.swift in Sources */,
				3903A33B2A5F2D0700245DD2 /* AppDelegate.swift in Sources */,
				395DE51B2A967E5000B0B451 /* SynastryChartVC.swift in Sources */,
				396989D12ABDF385007EA008 /* CustomNatalPlanetsCell.swift in Sources */,
				3903A3452A5F2D0700245DD2 /* AstroLogic.xcdatamodeld in Sources */,
				393DDD652ADC98E900522012 /* CycleChartTV.swift in Sources */,
				39851F7C2A93026900E70FF5 /* ProgressedAspectsByHouseTCVC.swift in Sources */,
				3939694B2AF096A90011ACF1 /* SAAspectsVC.swift in Sources */,
				39A1EC382A5F60DA008D1EC1 /* Today's VC.swift in Sources */,
				39A1EC432A5F7080008D1EC1 /* TransitPlanetsVC.swift in Sources */,
				39A0FBB92B1D5EEE00FD7A72 /* SunMoonHouse.swift in Sources */,
				396CDCB92A74712100EDCECC /* DecanatesVC.swift in Sources */,
				39851F6C2A93017800E70FF5 /* TransitPlanetsTCVC.swift in Sources */,
				39CFBE872B09CD5600BCBC4E /* Harmony Discord BarView.swift in Sources */,
				39C861792AFCAF5F007D38A0 /* MyCompositeItemsVC.swift in Sources */,
				395DE5172A96796A00B0B451 /* OtherStrongestPlanetVC.swift in Sources */,
				392D97BA2AB2CF2F0086BEA1 /* DecanatesViewVC.swift in Sources */,
				398225812AE652330058C86D /* MPPlanetsVC.swift in Sources */,
				3998A2AB2B20EDBA008A57C5 /* VocationalVC.swift in Sources */,
				39CFBE7B2B096A8900BCBC4E /* ElementsVC.swift in Sources */,
				399B62992AB75DAC006BAC2E /* Charts3.swift in Sources */,
				39B838502AABC8670039AD91 /* NestedProgressedAspects.swift in Sources */,
				395DE5292A96EDB700B0B451 /* SimpleMajorAspectsVC.swift in Sources */,
				398580552AA26D2C007A561B /* HarmoniousInfoVC.swift in Sources */,
				399B62972AB75D77006BAC2E /* ImportAAFVC.swift in Sources */,
				393DDD542AD71A9E00522012 /* ArchetypeBreakdownVC.swift in Sources */,
				39A1EC362A5F6043008D1EC1 /* MyItemsVC.swift in Sources */,
				39CFBE892B0A6CF000BCBC4E /* Progressions DATA.swift in Sources */,
				39A1EC3F2A5F6DB6008D1EC1 /* NatalPlanetsVC.swift in Sources */,
				392434562ABA7CDE00584E26 /* ActionSteps.swift in Sources */,
				393DDD562AD728A300522012 /* MyContentCell.swift in Sources */,
				39A0FBB42B1D26E000FD7A72 /* SunMoonSeasonVC.swift in Sources */,
				394FA1992AABAA45002BC0A5 /* minorProgressedMatrixVC.swift in Sources */,
				395DE51F2A967FBE00B0B451 /* SynastryFlipBiWheel.swift in Sources */,
				3997F07E2A68F7DF00741E9D /* AspectarianView.swift in Sources */,
				398ECC312A8F07D300695354 /* MyCharts.swift in Sources */,
				3903A33D2A5F2D0700245DD2 /* SceneDelegate.swift in Sources */,
				39E113F02A8AC18E006EA576 /* ProgressedAspectsByHouses.swift in Sources */,
			);
			runOnlyForDeploymentPostprocessing = 0;
		};
/* End PBXSourcesBuildPhase section */

/* Begin PBXVariantGroup section */
		3903A3402A5F2D0700245DD2 /* Main.storyboard */ = {
			isa = PBXVariantGroup;
			children = (
				3903A3412A5F2D0700245DD2 /* Base */,
			);
			name = Main.storyboard;
			sourceTree = "<group>";
		};
		3903A3482A5F2D0900245DD2 /* LaunchScreen.storyboard */ = {
			isa = PBXVariantGroup;
			children = (
				3903A3492A5F2D0900245DD2 /* Base */,
			);
			name = LaunchScreen.storyboard;
			sourceTree = "<group>";
		};
/* End PBXVariantGroup section */

/* Begin XCBuildConfiguration section */
		3903A3622A5F2D0900245DD2 /* Debug */ = {
			isa = XCBuildConfiguration;
			buildSettings = {
				ALWAYS_SEARCH_USER_PATHS = NO;
				CLANG_ANALYZER_NONNULL = YES;
				CLANG_ANALYZER_NUMBER_OBJECT_CONVERSION = YES_AGGRESSIVE;
				CLANG_CXX_LANGUAGE_STANDARD = "gnu++20";
				CLANG_ENABLE_MODULES = YES;
				CLANG_ENABLE_OBJC_ARC = YES;
				CLANG_ENABLE_OBJC_WEAK = YES;
				CLANG_WARN_BLOCK_CAPTURE_AUTORELEASING = YES;
				CLANG_WARN_BOOL_CONVERSION = YES;
				CLANG_WARN_COMMA = YES;
				CLANG_WARN_CONSTANT_CONVERSION = YES;
				CLANG_WARN_DEPRECATED_OBJC_IMPLEMENTATIONS = YES;
				CLANG_WARN_DIRECT_OBJC_ISA_USAGE = YES_ERROR;
				CLANG_WARN_DOCUMENTATION_COMMENTS = YES;
				CLANG_WARN_EMPTY_BODY = YES;
				CLANG_WARN_ENUM_CONVERSION = YES;
				CLANG_WARN_INFINITE_RECURSION = YES;
				CLANG_WARN_INT_CONVERSION = YES;
				CLANG_WARN_NON_LITERAL_NULL_CONVERSION = YES;
				CLANG_WARN_OBJC_IMPLICIT_RETAIN_SELF = YES;
				CLANG_WARN_OBJC_LITERAL_CONVERSION = YES;
				CLANG_WARN_OBJC_ROOT_CLASS = YES_ERROR;
				CLANG_WARN_QUOTED_INCLUDE_IN_FRAMEWORK_HEADER = YES;
				CLANG_WARN_RANGE_LOOP_ANALYSIS = YES;
				CLANG_WARN_STRICT_PROTOTYPES = YES;
				CLANG_WARN_SUSPICIOUS_MOVE = YES;
				CLANG_WARN_UNGUARDED_AVAILABILITY = YES_AGGRESSIVE;
				CLANG_WARN_UNREACHABLE_CODE = YES;
				CLANG_WARN__DUPLICATE_METHOD_MATCH = YES;
				COPY_PHASE_STRIP = NO;
				DEBUG_INFORMATION_FORMAT = dwarf;
				ENABLE_STRICT_OBJC_MSGSEND = YES;
				ENABLE_TESTABILITY = YES;
				GCC_C_LANGUAGE_STANDARD = gnu11;
				GCC_DYNAMIC_NO_PIC = NO;
				GCC_NO_COMMON_BLOCKS = YES;
				GCC_OPTIMIZATION_LEVEL = 0;
				GCC_PREPROCESSOR_DEFINITIONS = (
					"DEBUG=1",
					"$(inherited)",
				);
				GCC_WARN_64_TO_32_BIT_CONVERSION = YES;
				GCC_WARN_ABOUT_RETURN_TYPE = YES_ERROR;
				GCC_WARN_UNDECLARED_SELECTOR = YES;
				GCC_WARN_UNINITIALIZED_AUTOS = YES_AGGRESSIVE;
				GCC_WARN_UNUSED_FUNCTION = YES;
				GCC_WARN_UNUSED_VARIABLE = YES;
				IPHONEOS_DEPLOYMENT_TARGET = 16.4;
				MTL_ENABLE_DEBUG_INFO = INCLUDE_SOURCE;
				MTL_FAST_MATH = YES;
				ONLY_ACTIVE_ARCH = YES;
				SDKROOT = iphoneos;
				SWIFT_ACTIVE_COMPILATION_CONDITIONS = DEBUG;
				SWIFT_OPTIMIZATION_LEVEL = "-Onone";
			};
			name = Debug;
		};
		3903A3632A5F2D0900245DD2 /* Release */ = {
			isa = XCBuildConfiguration;
			buildSettings = {
				ALWAYS_SEARCH_USER_PATHS = NO;
				CLANG_ANALYZER_NONNULL = YES;
				CLANG_ANALYZER_NUMBER_OBJECT_CONVERSION = YES_AGGRESSIVE;
				CLANG_CXX_LANGUAGE_STANDARD = "gnu++20";
				CLANG_ENABLE_MODULES = YES;
				CLANG_ENABLE_OBJC_ARC = YES;
				CLANG_ENABLE_OBJC_WEAK = YES;
				CLANG_WARN_BLOCK_CAPTURE_AUTORELEASING = YES;
				CLANG_WARN_BOOL_CONVERSION = YES;
				CLANG_WARN_COMMA = YES;
				CLANG_WARN_CONSTANT_CONVERSION = YES;
				CLANG_WARN_DEPRECATED_OBJC_IMPLEMENTATIONS = YES;
				CLANG_WARN_DIRECT_OBJC_ISA_USAGE = YES_ERROR;
				CLANG_WARN_DOCUMENTATION_COMMENTS = YES;
				CLANG_WARN_EMPTY_BODY = YES;
				CLANG_WARN_ENUM_CONVERSION = YES;
				CLANG_WARN_INFINITE_RECURSION = YES;
				CLANG_WARN_INT_CONVERSION = YES;
				CLANG_WARN_NON_LITERAL_NULL_CONVERSION = YES;
				CLANG_WARN_OBJC_IMPLICIT_RETAIN_SELF = YES;
				CLANG_WARN_OBJC_LITERAL_CONVERSION = YES;
				CLANG_WARN_OBJC_ROOT_CLASS = YES_ERROR;
				CLANG_WARN_QUOTED_INCLUDE_IN_FRAMEWORK_HEADER = YES;
				CLANG_WARN_RANGE_LOOP_ANALYSIS = YES;
				CLANG_WARN_STRICT_PROTOTYPES = YES;
				CLANG_WARN_SUSPICIOUS_MOVE = YES;
				CLANG_WARN_UNGUARDED_AVAILABILITY = YES_AGGRESSIVE;
				CLANG_WARN_UNREACHABLE_CODE = YES;
				CLANG_WARN__DUPLICATE_METHOD_MATCH = YES;
				COPY_PHASE_STRIP = NO;
				DEBUG_INFORMATION_FORMAT = "dwarf-with-dsym";
				ENABLE_NS_ASSERTIONS = NO;
				ENABLE_STRICT_OBJC_MSGSEND = YES;
				GCC_C_LANGUAGE_STANDARD = gnu11;
				GCC_NO_COMMON_BLOCKS = YES;
				GCC_WARN_64_TO_32_BIT_CONVERSION = YES;
				GCC_WARN_ABOUT_RETURN_TYPE = YES_ERROR;
				GCC_WARN_UNDECLARED_SELECTOR = YES;
				GCC_WARN_UNINITIALIZED_AUTOS = YES_AGGRESSIVE;
				GCC_WARN_UNUSED_FUNCTION = YES;
				GCC_WARN_UNUSED_VARIABLE = YES;
				IPHONEOS_DEPLOYMENT_TARGET = 16.4;
				MTL_ENABLE_DEBUG_INFO = NO;
				MTL_FAST_MATH = YES;
				SDKROOT = iphoneos;
				SWIFT_COMPILATION_MODE = wholemodule;
				SWIFT_OPTIMIZATION_LEVEL = "-O";
				VALIDATE_PRODUCT = YES;
			};
			name = Release;
		};
		3903A3652A5F2D0900245DD2 /* Debug */ = {
			isa = XCBuildConfiguration;
			buildSettings = {
				ASSETCATALOG_COMPILER_APPICON_NAME = AppIcon;
				ASSETCATALOG_COMPILER_GLOBAL_ACCENT_COLOR_NAME = AccentColor;
				CODE_SIGN_ENTITLEMENTS = AstroLogic/AstroLogic.entitlements;
				CODE_SIGN_IDENTITY = "Apple Development";
				CODE_SIGN_STYLE = Automatic;
				CURRENT_PROJECT_VERSION = 1;
				DEVELOPMENT_TEAM = UQYCK3883D;
				GENERATE_INFOPLIST_FILE = YES;
				INFOPLIST_FILE = AstroLogic/Info.plist;
				INFOPLIST_KEY_UIApplicationSupportsIndirectInputEvents = YES;
				INFOPLIST_KEY_UILaunchStoryboardName = LaunchScreen;
				INFOPLIST_KEY_UIMainStoryboardFile = Main;
				INFOPLIST_KEY_UISupportedInterfaceOrientations_iPad = "UIInterfaceOrientationPortrait UIInterfaceOrientationPortraitUpsideDown UIInterfaceOrientationLandscapeLeft UIInterfaceOrientationLandscapeRight";
				INFOPLIST_KEY_UISupportedInterfaceOrientations_iPhone = "UIInterfaceOrientationPortrait UIInterfaceOrientationLandscapeLeft UIInterfaceOrientationLandscapeRight";
				LD_RUNPATH_SEARCH_PATHS = (
					"$(inherited)",
					"@executable_path/Frameworks",
				);
				MARKETING_VERSION = 1.0;
				PRODUCT_BUNDLE_IDENTIFIER = Errick.AstroLogic;
				PRODUCT_NAME = "$(TARGET_NAME)";
				PROVISIONING_PROFILE_SPECIFIER = "";
				SWIFT_EMIT_LOC_STRINGS = YES;
				SWIFT_VERSION = 5.0;
				TARGETED_DEVICE_FAMILY = "1,2";
			};
			name = Debug;
		};
		3903A3662A5F2D0900245DD2 /* Release */ = {
			isa = XCBuildConfiguration;
			buildSettings = {
				ASSETCATALOG_COMPILER_APPICON_NAME = AppIcon;
				ASSETCATALOG_COMPILER_GLOBAL_ACCENT_COLOR_NAME = AccentColor;
				CODE_SIGN_ENTITLEMENTS = AstroLogic/AstroLogic.entitlements;
				CODE_SIGN_IDENTITY = "Apple Development";
				CODE_SIGN_STYLE = Automatic;
				CURRENT_PROJECT_VERSION = 1;
				DEVELOPMENT_TEAM = UQYCK3883D;
				GENERATE_INFOPLIST_FILE = YES;
				INFOPLIST_FILE = AstroLogic/Info.plist;
				INFOPLIST_KEY_UIApplicationSupportsIndirectInputEvents = YES;
				INFOPLIST_KEY_UILaunchStoryboardName = LaunchScreen;
				INFOPLIST_KEY_UIMainStoryboardFile = Main;
				INFOPLIST_KEY_UISupportedInterfaceOrientations_iPad = "UIInterfaceOrientationPortrait UIInterfaceOrientationPortraitUpsideDown UIInterfaceOrientationLandscapeLeft UIInterfaceOrientationLandscapeRight";
				INFOPLIST_KEY_UISupportedInterfaceOrientations_iPhone = "UIInterfaceOrientationPortrait UIInterfaceOrientationLandscapeLeft UIInterfaceOrientationLandscapeRight";
				LD_RUNPATH_SEARCH_PATHS = (
					"$(inherited)",
					"@executable_path/Frameworks",
				);
				MARKETING_VERSION = 1.0;
				PRODUCT_BUNDLE_IDENTIFIER = Errick.AstroLogic;
				PRODUCT_NAME = "$(TARGET_NAME)";
				PROVISIONING_PROFILE_SPECIFIER = "";
				SWIFT_EMIT_LOC_STRINGS = YES;
				SWIFT_VERSION = 5.0;
				TARGETED_DEVICE_FAMILY = "1,2";
			};
			name = Release;
		};
/* End XCBuildConfiguration section */

/* Begin XCConfigurationList section */
		3903A3322A5F2D0700245DD2 /* Build configuration list for PBXProject "AstroLogic" */ = {
			isa = XCConfigurationList;
			buildConfigurations = (
				3903A3622A5F2D0900245DD2 /* Debug */,
				3903A3632A5F2D0900245DD2 /* Release */,
			);
			defaultConfigurationIsVisible = 0;
			defaultConfigurationName = Release;
		};
		3903A3642A5F2D0900245DD2 /* Build configuration list for PBXNativeTarget "AstroLogic" */ = {
			isa = XCConfigurationList;
			buildConfigurations = (
				3903A3652A5F2D0900245DD2 /* Debug */,
				3903A3662A5F2D0900245DD2 /* Release */,
			);
			defaultConfigurationIsVisible = 0;
			defaultConfigurationName = Release;
		};
/* End XCConfigurationList section */

/* Begin XCRemoteSwiftPackageReference section */
		39A0ED102B1D8EF100A6CD39 /* XCRemoteSwiftPackageReference "FSCalendar" */ = {
			isa = XCRemoteSwiftPackageReference;
			repositoryURL = "https://github.com/WenchaoD/FSCalendar.git";
			requirement = {
				kind = upToNextMajorVersion;
				minimumVersion = 2.8.4;
			};
		};
		39A0FBB52B1D29B400FD7A72 /* XCRemoteSwiftPackageReference "SwiftEphemeris" */ = {
			isa = XCRemoteSwiftPackageReference;
			repositoryURL = "https://github.com/heylila/SwiftEphemeris.git";
			requirement = {
				branch = "t-square";
				kind = branch;
			};
		};
		39A1EC3B2A5F61D8008D1EC1 /* XCRemoteSwiftPackageReference "Charts" */ = {
			isa = XCRemoteSwiftPackageReference;
			repositoryURL = "https://github.com/danielgindi/Charts.git";
			requirement = {
				kind = upToNextMajorVersion;
				minimumVersion = 5.0.0;
			};
		};
/* End XCRemoteSwiftPackageReference section */

/* Begin XCSwiftPackageProductDependency section */
		39A0ED112B1D8EF100A6CD39 /* FSCalendar */ = {
			isa = XCSwiftPackageProductDependency;
			package = 39A0ED102B1D8EF100A6CD39 /* XCRemoteSwiftPackageReference "FSCalendar" */;
			productName = FSCalendar;
		};
		39A0FBB62B1D29B400FD7A72 /* SwiftEphemeris */ = {
			isa = XCSwiftPackageProductDependency;
			package = 39A0FBB52B1D29B400FD7A72 /* XCRemoteSwiftPackageReference "SwiftEphemeris" */;
			productName = SwiftEphemeris;
		};
		39A1EC3C2A5F61D8008D1EC1 /* DGCharts */ = {
			isa = XCSwiftPackageProductDependency;
			package = 39A1EC3B2A5F61D8008D1EC1 /* XCRemoteSwiftPackageReference "Charts" */;
			productName = DGCharts;
		};
/* End XCSwiftPackageProductDependency section */

/* Begin XCVersionGroup section */
		3903A3432A5F2D0700245DD2 /* AstroLogic.xcdatamodeld */ = {
			isa = XCVersionGroup;
			children = (
				3903A3442A5F2D0700245DD2 /* AstroLogic.xcdatamodel */,
			);
			currentVersion = 3903A3442A5F2D0700245DD2 /* AstroLogic.xcdatamodel */;
			path = AstroLogic.xcdatamodeld;
			sourceTree = "<group>";
			versionGroupType = wrapper.xcdatamodel;
		};
		398ECC2D2A8F025900695354 /* ChartDataModel.xcdatamodeld */ = {
			isa = XCVersionGroup;
			children = (
				398ECC2E2A8F025900695354 /* ChartDataModel.xcdatamodel */,
			);
			currentVersion = 398ECC2E2A8F025900695354 /* ChartDataModel.xcdatamodel */;
			path = ChartDataModel.xcdatamodeld;
			sourceTree = "<group>";
			versionGroupType = wrapper.xcdatamodel;
		};
/* End XCVersionGroup section */
	};
	rootObject = 3903A32F2A5F2D0700245DD2 /* Project object */;
}
