{
  "pins" : [
    {
      "identity" : "charts",
      "kind" : "remoteSourceControl",
      "location" : "https://github.com/danielgindi/Charts.git",
      "state" : {
        "revision" : "0a229f8c914b0ec93798cee058cf75b339297513",
        "version" : "5.0.0"
      }
    },
    {
      "identity" : "swiftephemeris",
      "kind" : "remoteSourceControl",
      "location" : "https://github.com/heylila/SwiftEphemeris.git",
      "state" : {
        "branch" : "rickys-branch",
        "revision" : "7bf0eed9047f2f852da793f37d4c80c33d259529"
      }
    }
  ],
  "version" : 2
}
