{
  "pins" : [
    {
      "identity" : "charts",
      "kind" : "remoteSourceControl",
      "location" : "https://github.com/danielgindi/Charts.git",
      "state" : {
        "revision" : "0a229f8c914b0ec93798cee058cf75b339297513",
        "version" : "5.0.0"
      }
    },
    {
      "identity" : "googlemaps-sp",
      "kind" : "remoteSourceControl",
      "location" : "https://github.com/YAtechnologies/GoogleMaps-SP.git",
      "state" : {
        "revision" : "89ec1adb807c78dd912a30b26a373a46ce8187ab",
        "version" : "8.0.0"
      }
    },
    {
      "identity" : "swiftephemeris",
      "kind" : "remoteSourceControl",
      "location" : "https://github.com/heylila/SwiftEphemeris.git",
      "state" : {
        "branch" : "rickys-branch",
        "revision" : "edb4d3b5c576327afc67246625219fff5db8ad7c"
      }
    }
  ],
  "version" : 2
}
