{
  "pins" : [
    {
      "identity" : "charts",
      "kind" : "remoteSourceControl",
      "location" : "https://github.com/danielgindi/Charts.git",
      "state" : {
        "revision" : "0a229f8c914b0ec93798cee058cf75b339297513",
        "version" : "5.0.0"
      }
    },
    {
      "identity" : "googlemaps-sp",
      "kind" : "remoteSourceControl",
      "location" : "https://github.com/YAtechnologies/GoogleMaps-SP.git",
      "state" : {
        "revision" : "684ea6db362feaefdfcff89356e446bec8bcde3d",
        "version" : "7.2.0"
      }
    },
    {
      "identity" : "swiftephemeris",
      "kind" : "remoteSourceControl",
      "location" : "https://github.com/heylila/SwiftEphemeris.git",
      "state" : {
        "branch" : "rickys-branch",
<<<<<<< HEAD
        "revision" : "d9b91ed54ebd092fde58fe8d75de4bbee92c235b"
=======
        "revision" : "7a25eefd3844242093afd847b73489a360f4b6f5"
>>>>>>> 7fb4034aad0f49fbe237534e5bd7d4aaea018920
      }
    }
  ],
  "version" : 2
}
